{
  "originHash" : "394793d835fb8e27c26f93458378e50acf98527ba603bd5a782bbbc4e6569481",
  "pins" : [
    {
      "identity" : "injectableloggers",
      "kind" : "remoteSourceControl",
      "location" : "https://github.com/CuratoOpenSource/InjectableLoggers",
      "state" : {
        "revision" : "932bb5c96f79ba76a37fe0cb7df5b9163501daee",
        "version" : "2.1.3"
      }
    },
    {
      "identity" : "itunesgenreid",
      "kind" : "remoteSourceControl",
      "location" : "https://github.com/NCrusher74/iTunesGenreID",
      "state" : {
        "revision" : "343f34128669a5694e2745c36920570ea860b3fe",
        "version" : "1.0.4"
      }
    },
    {
      "identity" : "komponents",
      "kind" : "remoteSourceControl",
      "location" : "https://github.com/katagaki/Komponents",
      "state" : {
        "branch" : "main",
        "revision" : "93f484d6f2cef9c179387fcca2b2048413f9f0a6"
      }
    },
    {
      "identity" : "lnpopupcontroller",
      "kind" : "remoteSourceControl",
      "location" : "https://github.com/LeoNatan/LNPopupController.git",
      "state" : {
        "revision" : "6f4bfa89a32cc7254599869b4bca8d2638e74671",
        "version" : "4.4.1"
      }
    },
    {
      "identity" : "lnpopupui",
      "kind" : "remoteSourceControl",
      "location" : "https://github.com/LeoNatan/LNPopupUI",
      "state" : {
        "revision" : "1d44156e1acc5e218770ee8df93faa42ae9175c9",
        "version" : "2.6.0"
      }
    },
    {
      "identity" : "lnswiftuiutils",
      "kind" : "remoteSourceControl",
      "location" : "https://github.com/LeoNatan/LNSwiftUIUtils.git",
      "state" : {
        "revision" : "181a95b992f84d99a14c562c86e8ebef3cbcdca9",
        "version" : "1.1.5"
      }
    },
    {
      "identity" : "swiftconvenienceextensions",
      "kind" : "remoteSourceControl",
      "location" : "https://github.com/NCrusher74/SwiftConvenienceExtensions",
      "state" : {
        "revision" : "786cf2493e067b2ac154a3c7da5d967ca1ff89f3",
        "version" : "2.0.9"
      }
    },
    {
      "identity" : "swiftlanguageandlocalecodes",
      "kind" : "remoteSourceControl",
      "location" : "https://github.com/NCrusher74/SwiftLanguageAndLocaleCodes",
      "state" : {
        "revision" : "6f3a3fa43e96db0c2e9aecf8a4891e9ba4964b9b",
        "version" : "2.0.0"
      }
    },
    {
      "identity" : "swifttagger",
      "kind" : "remoteSourceControl",
      "location" : "https://github.com/NCrusher74/SwiftTagger",
      "state" : {
        "revision" : "72dfeacfffb2128cee1faf4c184a3f9ab065c32b",
        "version" : "1.7.0"
      }
    },
    {
      "identity" : "swifttaggerid3",
      "kind" : "remoteSourceControl",
      "location" : "https://github.com/NCrusher74/SwiftTaggerID3",
      "state" : {
        "revision" : "87db0c7a1948454f6b9b44d8ac518878b8346c57",
        "version" : "1.8.1"
      }
    },
    {
      "identity" : "swifttaggermp4",
      "kind" : "remoteSourceControl",
      "location" : "https://github.com/NCrusher74/SwiftTaggerMP4",
      "state" : {
        "revision" : "8f3fb71937d842bc5b1245d2aca202a48ac5f0f9",
        "version" : "1.7.6"
      }
    },
    {
      "identity" : "variableblurview",
      "kind" : "remoteSourceControl",
      "location" : "https://github.com/aheze/VariableBlurView",
      "state" : {
        "revision" : "5646a3e7fe418c587db7e55e5b24138a628dc72d",
        "version" : "1.0.2"
      }
    },
    {
      "identity" : "zipfoundation",
      "kind" : "remoteSourceControl",
      "location" : "https://github.com/weichsel/ZIPFoundation",
      "state" : {
        "revision" : "22787ffb59de99e5dc1fbfe80b19c97a904ad48d",
        "version" : "0.9.20"
      }
    },
    {
      "identity" : "zoomy",
      "kind" : "remoteSourceControl",
      "location" : "https://github.com/lvnkmn/Zoomy",
      "state" : {
        "revision" : "32734eb3680c6b666bdea5dfcf7fced156369101",
        "version" : "4.2.0"
      }
    }
  ],
  "version" : 3
}
