{
  "originHash" : "a2d4f763cc952df0685f34c11a3a61cd4e0c761f7377002035ab8e219265556b",
  "pins" : [
    {
      "identity" : "id3tageditor",
      "kind" : "remoteSourceControl",
      "location" : "https://github.com/chicio/ID3TagEditor",
      "state" : {
        "revision" : "3ccc31eafae0ded1fea8c9acd5e7ef7dfdbf1e8e",
        "version" : "4.6.0"
      }
    },
    {
      "identity" : "injectableloggers",
      "kind" : "remoteSourceControl",
      "location" : "https://github.com/CuratoOpenSource/InjectableLoggers",
      "state" : {
        "revision" : "932bb5c96f79ba76a37fe0cb7df5b9163501daee",
        "version" : "2.1.3"
      }
    },
    {
      "identity" : "komponents",
      "kind" : "remoteSourceControl",
      "location" : "https://github.com/katagaki/Komponents",
      "state" : {
        "branch" : "main",
        "revision" : "cb0a6a60bc091627c11e6eca511279414fd1d45e"
      }
    },
    {
      "identity" : "marqueetext",
      "kind" : "remoteSourceControl",
      "location" : "https://github.com/joekndy/MarqueeText",
      "state" : {
        "branch" : "master",
        "revision" : "e18d514455563ad00581e0d825146c6f15b1c6c4"
      }
    },
    {
      "identity" : "variableblurview",
      "kind" : "remoteSourceControl",
      "location" : "https://github.com/aheze/VariableBlurView",
      "state" : {
        "revision" : "5646a3e7fe418c587db7e55e5b24138a628dc72d",
        "version" : "1.0.2"
      }
    },
    {
      "identity" : "zipfoundation",
      "kind" : "remoteSourceControl",
      "location" : "https://github.com/weichsel/ZIPFoundation",
      "state" : {
        "revision" : "02b6abe5f6eef7e3cbd5f247c5cc24e246efcfe0",
        "version" : "0.9.19"
      }
    },
    {
      "identity" : "zoomy",
      "kind" : "remoteSourceControl",
      "location" : "https://github.com/lvnkmn/Zoomy",
      "state" : {
        "revision" : "32734eb3680c6b666bdea5dfcf7fced156369101",
        "version" : "4.2.0"
      }
    }
  ],
  "version" : 3
}
