// !$*UTF8*$!
{
	archiveVersion = 1;
	classes = {
	};
	objectVersion = 56;
	objects = {

/* Begin PBXBuildFile section */
		E43C84592AAF087300D87A5F /* MarqueeText in Frameworks */ = {isa = PBXBuildFile; productRef = E43C84582AAF087300D87A5F /* MarqueeText */; };
		E43C845D2AAF38B600D87A5F /* MainTabView.swift in Sources */ = {isa = PBXBuildFile; fileRef = E43C845C2AAF38B600D87A5F /* MainTabView.swift */; };
		E43C845F2AAF38D800D87A5F /* TabType.swift in Sources */ = {isa = PBXBuildFile; fileRef = E43C845E2AAF38D800D87A5F /* TabType.swift */; };
		E43C84622AAF391200D87A5F /* MoreView.swift in Sources */ = {isa = PBXBuildFile; fileRef = E43C84612AAF391200D87A5F /* MoreView.swift */; };
		E43C84642AAF392C00D87A5F /* ListRow.swift in Sources */ = {isa = PBXBuildFile; fileRef = E43C84632AAF392C00D87A5F /* ListRow.swift */; };
		E43C84672AAF393600D87A5F /* ListSectionHeader.swift in Sources */ = {isa = PBXBuildFile; fileRef = E43C84662AAF393600D87A5F /* ListSectionHeader.swift */; };
		E43C84692AAF396000D87A5F /* LicensesView.swift in Sources */ = {isa = PBXBuildFile; fileRef = E43C84682AAF396000D87A5F /* LicensesView.swift */; };
		E43C846B2AAF39C700D87A5F /* License.swift in Sources */ = {isa = PBXBuildFile; fileRef = E43C846A2AAF39C700D87A5F /* License.swift */; };
		E43C846D2AAF39EA00D87A5F /* TabManager.swift in Sources */ = {isa = PBXBuildFile; fileRef = E43C846C2AAF39EA00D87A5F /* TabManager.swift */; };
		E43C84702AAF3EE100D87A5F /* NowPlayingView.swift in Sources */ = {isa = PBXBuildFile; fileRef = E43C846F2AAF3EE100D87A5F /* NowPlayingView.swift */; };
		E4A4D64B2AAEF11F0062D12C /* App.swift in Sources */ = {isa = PBXBuildFile; fileRef = E4A4D64A2AAEF11F0062D12C /* App.swift */; };
		E4A4D64D2AAEF11F0062D12C /* FileBrowserView.swift in Sources */ = {isa = PBXBuildFile; fileRef = E4A4D64C2AAEF11F0062D12C /* FileBrowserView.swift */; };
		E4A4D64F2AAEF1200062D12C /* Assets.xcassets in Resources */ = {isa = PBXBuildFile; fileRef = E4A4D64E2AAEF1200062D12C /* Assets.xcassets */; };
		E4A4D65F2AAEF15B0062D12C /* FilesystemObject.swift in Sources */ = {isa = PBXBuildFile; fileRef = E4A4D65E2AAEF15B0062D12C /* FilesystemObject.swift */; };
		E4A4D6612AAEF1670062D12C /* FSFile.swift in Sources */ = {isa = PBXBuildFile; fileRef = E4A4D6602AAEF1670062D12C /* FSFile.swift */; };
		E4A4D6632AAEF16D0062D12C /* FSDirectory.swift in Sources */ = {isa = PBXBuildFile; fileRef = E4A4D6622AAEF16D0062D12C /* FSDirectory.swift */; };
		E4A4D6652AAEF1F80062D12C /* FilesystemManager.swift in Sources */ = {isa = PBXBuildFile; fileRef = E4A4D6642AAEF1F80062D12C /* FilesystemManager.swift */; };
		E4A4D6672AAEF2170062D12C /* Localizable.xcstrings in Resources */ = {isa = PBXBuildFile; fileRef = E4A4D6662AAEF2170062D12C /* Localizable.xcstrings */; };
		E4A4D66A2AAEF2BD0062D12C /* ListHintOverlay.swift in Sources */ = {isa = PBXBuildFile; fileRef = E4A4D6692AAEF2BD0062D12C /* ListHintOverlay.swift */; };
		E4A4D66C2AAEF2E30062D12C /* FileBrowserNoFilesTip.swift in Sources */ = {isa = PBXBuildFile; fileRef = E4A4D66B2AAEF2E30062D12C /* FileBrowserNoFilesTip.swift */; };
		E4A4D66F2AAEF36D0062D12C /* ListFileRow.swift in Sources */ = {isa = PBXBuildFile; fileRef = E4A4D66E2AAEF36D0062D12C /* ListFileRow.swift */; };
		E4A4D6712AAEF39B0062D12C /* NavigationManager.swift in Sources */ = {isa = PBXBuildFile; fileRef = E4A4D6702AAEF39B0062D12C /* NavigationManager.swift */; };
		E4A4D6742AAEF3B30062D12C /* ViewPath.swift in Sources */ = {isa = PBXBuildFile; fileRef = E4A4D6732AAEF3B30062D12C /* ViewPath.swift */; };
		E4A4D6762AAEF4040062D12C /* ListFolderRow.swift in Sources */ = {isa = PBXBuildFile; fileRef = E4A4D6752AAEF4040062D12C /* ListFolderRow.swift */; };
		E4A4D6782AAEF58A0062D12C /* InfoPlist.xcstrings in Resources */ = {isa = PBXBuildFile; fileRef = E4A4D6772AAEF58A0062D12C /* InfoPlist.xcstrings */; };
		E4A4D67B2AAEFB750062D12C /* ActionButton.swift in Sources */ = {isa = PBXBuildFile; fileRef = E4A4D67A2AAEFB750062D12C /* ActionButton.swift */; };
		E4A4D67D2AAEFD9D0062D12C /* MediaPlayerManager.swift in Sources */ = {isa = PBXBuildFile; fileRef = E4A4D67C2AAEFD9D0062D12C /* MediaPlayerManager.swift */; };
		E4A4D67F2AAF05F70062D12C /* NowPlayingBar.swift in Sources */ = {isa = PBXBuildFile; fileRef = E4A4D67E2AAF05F70062D12C /* NowPlayingBar.swift */; };
/* End PBXBuildFile section */

/* Begin PBXFileReference section */
		E43C845C2AAF38B600D87A5F /* MainTabView.swift */ = {isa = PBXFileReference; lastKnownFileType = sourcecode.swift; path = MainTabView.swift; sourceTree = "<group>"; };
		E43C845E2AAF38D800D87A5F /* TabType.swift */ = {isa = PBXFileReference; lastKnownFileType = sourcecode.swift; path = TabType.swift; sourceTree = "<group>"; };
		E43C84612AAF391200D87A5F /* MoreView.swift */ = {isa = PBXFileReference; lastKnownFileType = sourcecode.swift; path = MoreView.swift; sourceTree = "<group>"; };
		E43C84632AAF392C00D87A5F /* ListRow.swift */ = {isa = PBXFileReference; lastKnownFileType = sourcecode.swift; path = ListRow.swift; sourceTree = "<group>"; };
		E43C84662AAF393600D87A5F /* ListSectionHeader.swift */ = {isa = PBXFileReference; lastKnownFileType = sourcecode.swift; path = ListSectionHeader.swift; sourceTree = "<group>"; };
		E43C84682AAF396000D87A5F /* LicensesView.swift */ = {isa = PBXFileReference; lastKnownFileType = sourcecode.swift; path = LicensesView.swift; sourceTree = "<group>"; };
		E43C846A2AAF39C700D87A5F /* License.swift */ = {isa = PBXFileReference; lastKnownFileType = sourcecode.swift; path = License.swift; sourceTree = "<group>"; };
		E43C846C2AAF39EA00D87A5F /* TabManager.swift */ = {isa = PBXFileReference; lastKnownFileType = sourcecode.swift; path = TabManager.swift; sourceTree = "<group>"; };
		E43C846F2AAF3EE100D87A5F /* NowPlayingView.swift */ = {isa = PBXFileReference; lastKnownFileType = sourcecode.swift; path = NowPlayingView.swift; sourceTree = "<group>"; };
		E4A4D6472AAEF11F0062D12C /* Melodee.app */ = {isa = PBXFileReference; explicitFileType = wrapper.application; includeInIndex = 0; path = Melodee.app; sourceTree = BUILT_PRODUCTS_DIR; };
		E4A4D64A2AAEF11F0062D12C /* App.swift */ = {isa = PBXFileReference; lastKnownFileType = sourcecode.swift; path = App.swift; sourceTree = "<group>"; };
		E4A4D64C2AAEF11F0062D12C /* FileBrowserView.swift */ = {isa = PBXFileReference; lastKnownFileType = sourcecode.swift; path = FileBrowserView.swift; sourceTree = "<group>"; };
		E4A4D64E2AAEF1200062D12C /* Assets.xcassets */ = {isa = PBXFileReference; lastKnownFileType = folder.assetcatalog; path = Assets.xcassets; sourceTree = "<group>"; };
		E4A4D6502AAEF1200062D12C /* Melodee.entitlements */ = {isa = PBXFileReference; lastKnownFileType = text.plist.entitlements; path = Melodee.entitlements; sourceTree = "<group>"; };
		E4A4D65E2AAEF15B0062D12C /* FilesystemObject.swift */ = {isa = PBXFileReference; lastKnownFileType = sourcecode.swift; path = FilesystemObject.swift; sourceTree = "<group>"; };
		E4A4D6602AAEF1670062D12C /* FSFile.swift */ = {isa = PBXFileReference; lastKnownFileType = sourcecode.swift; path = FSFile.swift; sourceTree = "<group>"; };
		E4A4D6622AAEF16D0062D12C /* FSDirectory.swift */ = {isa = PBXFileReference; lastKnownFileType = sourcecode.swift; path = FSDirectory.swift; sourceTree = "<group>"; };
		E4A4D6642AAEF1F80062D12C /* FilesystemManager.swift */ = {isa = PBXFileReference; lastKnownFileType = sourcecode.swift; path = FilesystemManager.swift; sourceTree = "<group>"; };
		E4A4D6662AAEF2170062D12C /* Localizable.xcstrings */ = {isa = PBXFileReference; lastKnownFileType = text.json.xcstrings; path = Localizable.xcstrings; sourceTree = "<group>"; };
		E4A4D6692AAEF2BD0062D12C /* ListHintOverlay.swift */ = {isa = PBXFileReference; lastKnownFileType = sourcecode.swift; path = ListHintOverlay.swift; sourceTree = "<group>"; };
		E4A4D66B2AAEF2E30062D12C /* FileBrowserNoFilesTip.swift */ = {isa = PBXFileReference; lastKnownFileType = sourcecode.swift; path = FileBrowserNoFilesTip.swift; sourceTree = "<group>"; };
		E4A4D66E2AAEF36D0062D12C /* ListFileRow.swift */ = {isa = PBXFileReference; lastKnownFileType = sourcecode.swift; path = ListFileRow.swift; sourceTree = "<group>"; };
		E4A4D6702AAEF39B0062D12C /* NavigationManager.swift */ = {isa = PBXFileReference; lastKnownFileType = sourcecode.swift; path = NavigationManager.swift; sourceTree = "<group>"; };
		E4A4D6732AAEF3B30062D12C /* ViewPath.swift */ = {isa = PBXFileReference; lastKnownFileType = sourcecode.swift; path = ViewPath.swift; sourceTree = "<group>"; };
		E4A4D6752AAEF4040062D12C /* ListFolderRow.swift */ = {isa = PBXFileReference; lastKnownFileType = sourcecode.swift; path = ListFolderRow.swift; sourceTree = "<group>"; };
		E4A4D6772AAEF58A0062D12C /* InfoPlist.xcstrings */ = {isa = PBXFileReference; lastKnownFileType = text.json.xcstrings; path = InfoPlist.xcstrings; sourceTree = "<group>"; };
		E4A4D6792AAEF5C80062D12C /* Info.plist */ = {isa = PBXFileReference; lastKnownFileType = text.plist; path = Info.plist; sourceTree = "<group>"; };
		E4A4D67A2AAEFB750062D12C /* ActionButton.swift */ = {isa = PBXFileReference; lastKnownFileType = sourcecode.swift; path = ActionButton.swift; sourceTree = "<group>"; };
		E4A4D67C2AAEFD9D0062D12C /* MediaPlayerManager.swift */ = {isa = PBXFileReference; lastKnownFileType = sourcecode.swift; path = MediaPlayerManager.swift; sourceTree = "<group>"; };
		E4A4D67E2AAF05F70062D12C /* NowPlayingBar.swift */ = {isa = PBXFileReference; lastKnownFileType = sourcecode.swift; path = NowPlayingBar.swift; sourceTree = "<group>"; };
/* End PBXFileReference section */

/* Begin PBXFrameworksBuildPhase section */
		E4A4D6442AAEF11F0062D12C /* Frameworks */ = {
			isa = PBXFrameworksBuildPhase;
			buildActionMask = 2147483647;
			files = (
				E43C84592AAF087300D87A5F /* MarqueeText in Frameworks */,
			);
			runOnlyForDeploymentPostprocessing = 0;
		};
/* End PBXFrameworksBuildPhase section */

/* Begin PBXGroup section */
		E43C845B2AAF38AA00D87A5F /* File Browser */ = {
			isa = PBXGroup;
			children = (
				E4A4D64C2AAEF11F0062D12C /* FileBrowserView.swift */,
			);
			path = "File Browser";
			sourceTree = "<group>";
		};
		E43C84602AAF390700D87A5F /* More */ = {
			isa = PBXGroup;
			children = (
				E43C84612AAF391200D87A5F /* MoreView.swift */,
				E43C84682AAF396000D87A5F /* LicensesView.swift */,
			);
			path = More;
			sourceTree = "<group>";
		};
		E43C846E2AAF3ED500D87A5F /* Now Playing */ = {
			isa = PBXGroup;
			children = (
				E43C846F2AAF3EE100D87A5F /* NowPlayingView.swift */,
			);
			path = "Now Playing";
			sourceTree = "<group>";
		};
		E4A4D63E2AAEF11F0062D12C = {
			isa = PBXGroup;
			children = (
				E4A4D6492AAEF11F0062D12C /* Melodee */,
				E4A4D6482AAEF11F0062D12C /* Products */,
			);
			sourceTree = "<group>";
		};
		E4A4D6482AAEF11F0062D12C /* Products */ = {
			isa = PBXGroup;
			children = (
				E4A4D6472AAEF11F0062D12C /* Melodee.app */,
			);
			name = Products;
			sourceTree = "<group>";
		};
		E4A4D6492AAEF11F0062D12C /* Melodee */ = {
			isa = PBXGroup;
			children = (
				E4A4D6502AAEF1200062D12C /* Melodee.entitlements */,
				E4A4D6792AAEF5C80062D12C /* Info.plist */,
				E4A4D64E2AAEF1200062D12C /* Assets.xcassets */,
				E4A4D6772AAEF58A0062D12C /* InfoPlist.xcstrings */,
				E4A4D6662AAEF2170062D12C /* Localizable.xcstrings */,
				E4A4D6592AAEF1330062D12C /* Views */,
				E4A4D65A2AAEF13E0062D12C /* Structs */,
				E4A4D65B2AAEF1440062D12C /* Classes */,
				E4A4D6722AAEF3AA0062D12C /* Enums */,
				E4A4D65D2AAEF14D0062D12C /* Protocols */,
			);
			path = Melodee;
			sourceTree = "<group>";
		};
		E4A4D6592AAEF1330062D12C /* Views */ = {
			isa = PBXGroup;
			children = (
				E4A4D64A2AAEF11F0062D12C /* App.swift */,
				E43C845C2AAF38B600D87A5F /* MainTabView.swift */,
				E43C845B2AAF38AA00D87A5F /* File Browser */,
				E43C846E2AAF3ED500D87A5F /* Now Playing */,
				E43C84602AAF390700D87A5F /* More */,
				E4A4D6682AAEF2B40062D12C /* Shared */,
			);
			path = Views;
			sourceTree = "<group>";
		};
		E4A4D65A2AAEF13E0062D12C /* Structs */ = {
			isa = PBXGroup;
			children = (
				E4A4D6602AAEF1670062D12C /* FSFile.swift */,
				E4A4D6622AAEF16D0062D12C /* FSDirectory.swift */,
				E4A4D66B2AAEF2E30062D12C /* FileBrowserNoFilesTip.swift */,
				E43C846A2AAF39C700D87A5F /* License.swift */,
			);
			path = Structs;
			sourceTree = "<group>";
		};
		E4A4D65B2AAEF1440062D12C /* Classes */ = {
			isa = PBXGroup;
			children = (
				E4A4D6642AAEF1F80062D12C /* FilesystemManager.swift */,
				E4A4D67C2AAEFD9D0062D12C /* MediaPlayerManager.swift */,
				E4A4D6702AAEF39B0062D12C /* NavigationManager.swift */,
				E43C846C2AAF39EA00D87A5F /* TabManager.swift */,
			);
			path = Classes;
			sourceTree = "<group>";
		};
		E4A4D65D2AAEF14D0062D12C /* Protocols */ = {
			isa = PBXGroup;
			children = (
				E4A4D65E2AAEF15B0062D12C /* FilesystemObject.swift */,
			);
			path = Protocols;
			sourceTree = "<group>";
		};
		E4A4D6682AAEF2B40062D12C /* Shared */ = {
			isa = PBXGroup;
			children = (
				E4A4D67E2AAF05F70062D12C /* NowPlayingBar.swift */,
				E43C84662AAF393600D87A5F /* ListSectionHeader.swift */,
				E43C84632AAF392C00D87A5F /* ListRow.swift */,
				E4A4D6692AAEF2BD0062D12C /* ListHintOverlay.swift */,
				E4A4D6752AAEF4040062D12C /* ListFolderRow.swift */,
				E4A4D66E2AAEF36D0062D12C /* ListFileRow.swift */,
				E4A4D67A2AAEFB750062D12C /* ActionButton.swift */,
			);
			path = Shared;
			sourceTree = "<group>";
		};
		E4A4D6722AAEF3AA0062D12C /* Enums */ = {
			isa = PBXGroup;
			children = (
				E4A4D6732AAEF3B30062D12C /* ViewPath.swift */,
				E43C845E2AAF38D800D87A5F /* TabType.swift */,
			);
			path = Enums;
			sourceTree = "<group>";
		};
/* End PBXGroup section */

/* Begin PBXNativeTarget section */
		E4A4D6462AAEF11F0062D12C /* Melodee */ = {
			isa = PBXNativeTarget;
			buildConfigurationList = E4A4D6562AAEF1200062D12C /* Build configuration list for PBXNativeTarget "Melodee" */;
			buildPhases = (
				E4A4D6432AAEF11F0062D12C /* Sources */,
				E4A4D6442AAEF11F0062D12C /* Frameworks */,
				E4A4D6452AAEF11F0062D12C /* Resources */,
				E43C845A2AAF08AF00D87A5F /* ShellScript */,
			);
			buildRules = (
			);
			dependencies = (
			);
			name = Melodee;
			packageProductDependencies = (
				E43C84582AAF087300D87A5F /* MarqueeText */,
			);
			productName = Melodee;
			productReference = E4A4D6472AAEF11F0062D12C /* Melodee.app */;
			productType = "com.apple.product-type.application";
		};
/* End PBXNativeTarget section */

/* Begin PBXProject section */
		E4A4D63F2AAEF11F0062D12C /* Project object */ = {
			isa = PBXProject;
			attributes = {
				BuildIndependentTargetsInParallel = 1;
				LastSwiftUpdateCheck = 1500;
				LastUpgradeCheck = 1500;
				TargetAttributes = {
					E4A4D6462AAEF11F0062D12C = {
						CreatedOnToolsVersion = 15.0;
					};
				};
			};
			buildConfigurationList = E4A4D6422AAEF11F0062D12C /* Build configuration list for PBXProject "Melodee" */;
			compatibilityVersion = "Xcode 14.0";
			developmentRegion = en;
			hasScannedForEncodings = 0;
			knownRegions = (
				en,
				Base,
				ja,
			);
			mainGroup = E4A4D63E2AAEF11F0062D12C;
			packageReferences = (
				E43C84572AAF087300D87A5F /* XCRemoteSwiftPackageReference "MarqueeText" */,
			);
			productRefGroup = E4A4D6482AAEF11F0062D12C /* Products */;
			projectDirPath = "";
			projectRoot = "";
			targets = (
				E4A4D6462AAEF11F0062D12C /* Melodee */,
			);
		};
/* End PBXProject section */

/* Begin PBXResourcesBuildPhase section */
		E4A4D6452AAEF11F0062D12C /* Resources */ = {
			isa = PBXResourcesBuildPhase;
			buildActionMask = 2147483647;
			files = (
				E4A4D6782AAEF58A0062D12C /* InfoPlist.xcstrings in Resources */,
				E4A4D64F2AAEF1200062D12C /* Assets.xcassets in Resources */,
				E4A4D6672AAEF2170062D12C /* Localizable.xcstrings in Resources */,
			);
			runOnlyForDeploymentPostprocessing = 0;
		};
/* End PBXResourcesBuildPhase section */

/* Begin PBXShellScriptBuildPhase section */
		E43C845A2AAF08AF00D87A5F /* ShellScript */ = {
			isa = PBXShellScriptBuildPhase;
			alwaysOutOfDate = 1;
			buildActionMask = 2147483647;
			files = (
			);
			inputFileListPaths = (
			);
			inputPaths = (
			);
			outputFileListPaths = (
			);
			outputPaths = (
			);
			runOnlyForDeploymentPostprocessing = 0;
			shellPath = /bin/sh;
			shellScript = "export PATH=\"$PATH:/opt/homebrew/bin\"\nif which swiftlint > /dev/null; then\n  swiftlint\nelse\n  echo \"warning: SwiftLint not installed, download from https://github.com/realm/SwiftLint\"\nfi\n";
		};
/* End PBXShellScriptBuildPhase section */

/* Begin PBXSourcesBuildPhase section */
		E4A4D6432AAEF11F0062D12C /* Sources */ = {
			isa = PBXSourcesBuildPhase;
			buildActionMask = 2147483647;
			files = (
				E43C84692AAF396000D87A5F /* LicensesView.swift in Sources */,
				E4A4D6612AAEF1670062D12C /* FSFile.swift in Sources */,
				E43C84622AAF391200D87A5F /* MoreView.swift in Sources */,
				E4A4D6742AAEF3B30062D12C /* ViewPath.swift in Sources */,
				E4A4D67B2AAEFB750062D12C /* ActionButton.swift in Sources */,
				E43C845D2AAF38B600D87A5F /* MainTabView.swift in Sources */,
				E4A4D6632AAEF16D0062D12C /* FSDirectory.swift in Sources */,
				E4A4D64D2AAEF11F0062D12C /* FileBrowserView.swift in Sources */,
				E43C845F2AAF38D800D87A5F /* TabType.swift in Sources */,
				E43C846B2AAF39C700D87A5F /* License.swift in Sources */,
				E4A4D64B2AAEF11F0062D12C /* App.swift in Sources */,
				E4A4D66A2AAEF2BD0062D12C /* ListHintOverlay.swift in Sources */,
				E4A4D6762AAEF4040062D12C /* ListFolderRow.swift in Sources */,
				E4A4D67F2AAF05F70062D12C /* NowPlayingBar.swift in Sources */,
				E43C84672AAF393600D87A5F /* ListSectionHeader.swift in Sources */,
				E4A4D6652AAEF1F80062D12C /* FilesystemManager.swift in Sources */,
				E4A4D67D2AAEFD9D0062D12C /* MediaPlayerManager.swift in Sources */,
				E4A4D65F2AAEF15B0062D12C /* FilesystemObject.swift in Sources */,
				E43C84702AAF3EE100D87A5F /* NowPlayingView.swift in Sources */,
				E43C84642AAF392C00D87A5F /* ListRow.swift in Sources */,
				E4A4D66F2AAEF36D0062D12C /* ListFileRow.swift in Sources */,
				E4A4D66C2AAEF2E30062D12C /* FileBrowserNoFilesTip.swift in Sources */,
				E43C846D2AAF39EA00D87A5F /* TabManager.swift in Sources */,
				E4A4D6712AAEF39B0062D12C /* NavigationManager.swift in Sources */,
			);
			runOnlyForDeploymentPostprocessing = 0;
		};
/* End PBXSourcesBuildPhase section */

/* Begin XCBuildConfiguration section */
		E4A4D6542AAEF1200062D12C /* Debug */ = {
			isa = XCBuildConfiguration;
			buildSettings = {
				ALWAYS_SEARCH_USER_PATHS = NO;
				ASSETCATALOG_COMPILER_GENERATE_SWIFT_ASSET_SYMBOL_EXTENSIONS = YES;
				CLANG_ANALYZER_NONNULL = YES;
				CLANG_ANALYZER_NUMBER_OBJECT_CONVERSION = YES_AGGRESSIVE;
				CLANG_CXX_LANGUAGE_STANDARD = "gnu++20";
				CLANG_ENABLE_MODULES = YES;
				CLANG_ENABLE_OBJC_ARC = YES;
				CLANG_ENABLE_OBJC_WEAK = YES;
				CLANG_WARN_BLOCK_CAPTURE_AUTORELEASING = YES;
				CLANG_WARN_BOOL_CONVERSION = YES;
				CLANG_WARN_COMMA = YES;
				CLANG_WARN_CONSTANT_CONVERSION = YES;
				CLANG_WARN_DEPRECATED_OBJC_IMPLEMENTATIONS = YES;
				CLANG_WARN_DIRECT_OBJC_ISA_USAGE = YES_ERROR;
				CLANG_WARN_DOCUMENTATION_COMMENTS = YES;
				CLANG_WARN_EMPTY_BODY = YES;
				CLANG_WARN_ENUM_CONVERSION = YES;
				CLANG_WARN_INFINITE_RECURSION = YES;
				CLANG_WARN_INT_CONVERSION = YES;
				CLANG_WARN_NON_LITERAL_NULL_CONVERSION = YES;
				CLANG_WARN_OBJC_IMPLICIT_RETAIN_SELF = YES;
				CLANG_WARN_OBJC_LITERAL_CONVERSION = YES;
				CLANG_WARN_OBJC_ROOT_CLASS = YES_ERROR;
				CLANG_WARN_QUOTED_INCLUDE_IN_FRAMEWORK_HEADER = YES;
				CLANG_WARN_RANGE_LOOP_ANALYSIS = YES;
				CLANG_WARN_STRICT_PROTOTYPES = YES;
				CLANG_WARN_SUSPICIOUS_MOVE = YES;
				CLANG_WARN_UNGUARDED_AVAILABILITY = YES_AGGRESSIVE;
				CLANG_WARN_UNREACHABLE_CODE = YES;
				CLANG_WARN__DUPLICATE_METHOD_MATCH = YES;
				COPY_PHASE_STRIP = NO;
				DEBUG_INFORMATION_FORMAT = dwarf;
				ENABLE_STRICT_OBJC_MSGSEND = YES;
				ENABLE_TESTABILITY = YES;
				ENABLE_USER_SCRIPT_SANDBOXING = YES;
				GCC_C_LANGUAGE_STANDARD = gnu17;
				GCC_DYNAMIC_NO_PIC = NO;
				GCC_NO_COMMON_BLOCKS = YES;
				GCC_OPTIMIZATION_LEVEL = 0;
				GCC_PREPROCESSOR_DEFINITIONS = (
					"DEBUG=1",
					"$(inherited)",
				);
				GCC_WARN_64_TO_32_BIT_CONVERSION = YES;
				GCC_WARN_ABOUT_RETURN_TYPE = YES_ERROR;
				GCC_WARN_UNDECLARED_SELECTOR = YES;
				GCC_WARN_UNINITIALIZED_AUTOS = YES_AGGRESSIVE;
				GCC_WARN_UNUSED_FUNCTION = YES;
				GCC_WARN_UNUSED_VARIABLE = YES;
				LOCALIZATION_PREFERS_STRING_CATALOGS = YES;
				MTL_ENABLE_DEBUG_INFO = INCLUDE_SOURCE;
				MTL_FAST_MATH = YES;
				ONLY_ACTIVE_ARCH = YES;
				SWIFT_ACTIVE_COMPILATION_CONDITIONS = "DEBUG $(inherited)";
				SWIFT_OPTIMIZATION_LEVEL = "-Onone";
			};
			name = Debug;
		};
		E4A4D6552AAEF1200062D12C /* Release */ = {
			isa = XCBuildConfiguration;
			buildSettings = {
				ALWAYS_SEARCH_USER_PATHS = NO;
				ASSETCATALOG_COMPILER_GENERATE_SWIFT_ASSET_SYMBOL_EXTENSIONS = YES;
				CLANG_ANALYZER_NONNULL = YES;
				CLANG_ANALYZER_NUMBER_OBJECT_CONVERSION = YES_AGGRESSIVE;
				CLANG_CXX_LANGUAGE_STANDARD = "gnu++20";
				CLANG_ENABLE_MODULES = YES;
				CLANG_ENABLE_OBJC_ARC = YES;
				CLANG_ENABLE_OBJC_WEAK = YES;
				CLANG_WARN_BLOCK_CAPTURE_AUTORELEASING = YES;
				CLANG_WARN_BOOL_CONVERSION = YES;
				CLANG_WARN_COMMA = YES;
				CLANG_WARN_CONSTANT_CONVERSION = YES;
				CLANG_WARN_DEPRECATED_OBJC_IMPLEMENTATIONS = YES;
				CLANG_WARN_DIRECT_OBJC_ISA_USAGE = YES_ERROR;
				CLANG_WARN_DOCUMENTATION_COMMENTS = YES;
				CLANG_WARN_EMPTY_BODY = YES;
				CLANG_WARN_ENUM_CONVERSION = YES;
				CLANG_WARN_INFINITE_RECURSION = YES;
				CLANG_WARN_INT_CONVERSION = YES;
				CLANG_WARN_NON_LITERAL_NULL_CONVERSION = YES;
				CLANG_WARN_OBJC_IMPLICIT_RETAIN_SELF = YES;
				CLANG_WARN_OBJC_LITERAL_CONVERSION = YES;
				CLANG_WARN_OBJC_ROOT_CLASS = YES_ERROR;
				CLANG_WARN_QUOTED_INCLUDE_IN_FRAMEWORK_HEADER = YES;
				CLANG_WARN_RANGE_LOOP_ANALYSIS = YES;
				CLANG_WARN_STRICT_PROTOTYPES = YES;
				CLANG_WARN_SUSPICIOUS_MOVE = YES;
				CLANG_WARN_UNGUARDED_AVAILABILITY = YES_AGGRESSIVE;
				CLANG_WARN_UNREACHABLE_CODE = YES;
				CLANG_WARN__DUPLICATE_METHOD_MATCH = YES;
				COPY_PHASE_STRIP = NO;
				DEBUG_INFORMATION_FORMAT = "dwarf-with-dsym";
				ENABLE_NS_ASSERTIONS = NO;
				ENABLE_STRICT_OBJC_MSGSEND = YES;
				ENABLE_USER_SCRIPT_SANDBOXING = YES;
				GCC_C_LANGUAGE_STANDARD = gnu17;
				GCC_NO_COMMON_BLOCKS = YES;
				GCC_WARN_64_TO_32_BIT_CONVERSION = YES;
				GCC_WARN_ABOUT_RETURN_TYPE = YES_ERROR;
				GCC_WARN_UNDECLARED_SELECTOR = YES;
				GCC_WARN_UNINITIALIZED_AUTOS = YES_AGGRESSIVE;
				GCC_WARN_UNUSED_FUNCTION = YES;
				GCC_WARN_UNUSED_VARIABLE = YES;
				LOCALIZATION_PREFERS_STRING_CATALOGS = YES;
				MTL_ENABLE_DEBUG_INFO = NO;
				MTL_FAST_MATH = YES;
				SWIFT_COMPILATION_MODE = wholemodule;
			};
			name = Release;
		};
		E4A4D6572AAEF1200062D12C /* Debug */ = {
			isa = XCBuildConfiguration;
			buildSettings = {
				ASSETCATALOG_COMPILER_APPICON_NAME = AppIcon;
				ASSETCATALOG_COMPILER_GLOBAL_ACCENT_COLOR_NAME = AccentColor;
				CODE_SIGN_ENTITLEMENTS = Melodee/Melodee.entitlements;
				CODE_SIGN_STYLE = Automatic;
				CURRENT_PROJECT_VERSION = 1;
				DEVELOPMENT_TEAM = YYM4Z6MU8F;
				ENABLE_HARDENED_RUNTIME = YES;
				ENABLE_PREVIEWS = YES;
				ENABLE_USER_SCRIPT_SANDBOXING = NO;
				GENERATE_INFOPLIST_FILE = YES;
				INFOPLIST_FILE = Melodee/Info.plist;
				INFOPLIST_KEY_LSSupportsOpeningDocumentsInPlace = YES;
				"INFOPLIST_KEY_UIApplicationSceneManifest_Generation[sdk=iphoneos*]" = YES;
				"INFOPLIST_KEY_UIApplicationSceneManifest_Generation[sdk=iphonesimulator*]" = YES;
				"INFOPLIST_KEY_UIApplicationSupportsIndirectInputEvents[sdk=iphoneos*]" = YES;
				"INFOPLIST_KEY_UIApplicationSupportsIndirectInputEvents[sdk=iphonesimulator*]" = YES;
				"INFOPLIST_KEY_UILaunchScreen_Generation[sdk=iphoneos*]" = YES;
				"INFOPLIST_KEY_UILaunchScreen_Generation[sdk=iphonesimulator*]" = YES;
				"INFOPLIST_KEY_UIStatusBarStyle[sdk=iphoneos*]" = UIStatusBarStyleDefault;
				"INFOPLIST_KEY_UIStatusBarStyle[sdk=iphonesimulator*]" = UIStatusBarStyleDefault;
				INFOPLIST_KEY_UISupportedInterfaceOrientations_iPad = "UIInterfaceOrientationPortrait UIInterfaceOrientationPortraitUpsideDown UIInterfaceOrientationLandscapeLeft UIInterfaceOrientationLandscapeRight";
				INFOPLIST_KEY_UISupportedInterfaceOrientations_iPhone = "UIInterfaceOrientationPortrait UIInterfaceOrientationLandscapeLeft UIInterfaceOrientationLandscapeRight";
				IPHONEOS_DEPLOYMENT_TARGET = 17.0;
				LD_RUNPATH_SEARCH_PATHS = "@executable_path/Frameworks";
				"LD_RUNPATH_SEARCH_PATHS[sdk=macosx*]" = "@executable_path/../Frameworks";
				MACOSX_DEPLOYMENT_TARGET = 14.0;
				MARKETING_VERSION = 1.0;
				PRODUCT_BUNDLE_IDENTIFIER = com.tsubuzaki.Melodee;
				PRODUCT_NAME = "$(TARGET_NAME)";
				SDKROOT = auto;
				SUPPORTED_PLATFORMS = "iphoneos iphonesimulator";
				SUPPORTS_MACCATALYST = NO;
				SWIFT_EMIT_LOC_STRINGS = YES;
				SWIFT_VERSION = 5.0;
				TARGETED_DEVICE_FAMILY = "1,2";
			};
			name = Debug;
		};
		E4A4D6582AAEF1200062D12C /* Release */ = {
			isa = XCBuildConfiguration;
			buildSettings = {
				ASSETCATALOG_COMPILER_APPICON_NAME = AppIcon;
				ASSETCATALOG_COMPILER_GLOBAL_ACCENT_COLOR_NAME = AccentColor;
				CODE_SIGN_ENTITLEMENTS = Melodee/Melodee.entitlements;
				CODE_SIGN_STYLE = Automatic;
				CURRENT_PROJECT_VERSION = 1;
				DEVELOPMENT_TEAM = YYM4Z6MU8F;
				ENABLE_HARDENED_RUNTIME = YES;
				ENABLE_PREVIEWS = YES;
				ENABLE_USER_SCRIPT_SANDBOXING = NO;
				GENERATE_INFOPLIST_FILE = YES;
				INFOPLIST_FILE = Melodee/Info.plist;
				INFOPLIST_KEY_LSSupportsOpeningDocumentsInPlace = YES;
				"INFOPLIST_KEY_UIApplicationSceneManifest_Generation[sdk=iphoneos*]" = YES;
				"INFOPLIST_KEY_UIApplicationSceneManifest_Generation[sdk=iphonesimulator*]" = YES;
				"INFOPLIST_KEY_UIApplicationSupportsIndirectInputEvents[sdk=iphoneos*]" = YES;
				"INFOPLIST_KEY_UIApplicationSupportsIndirectInputEvents[sdk=iphonesimulator*]" = YES;
				"INFOPLIST_KEY_UILaunchScreen_Generation[sdk=iphoneos*]" = YES;
				"INFOPLIST_KEY_UILaunchScreen_Generation[sdk=iphonesimulator*]" = YES;
				"INFOPLIST_KEY_UIStatusBarStyle[sdk=iphoneos*]" = UIStatusBarStyleDefault;
				"INFOPLIST_KEY_UIStatusBarStyle[sdk=iphonesimulator*]" = UIStatusBarStyleDefault;
				INFOPLIST_KEY_UISupportedInterfaceOrientations_iPad = "UIInterfaceOrientationPortrait UIInterfaceOrientationPortraitUpsideDown UIInterfaceOrientationLandscapeLeft UIInterfaceOrientationLandscapeRight";
				INFOPLIST_KEY_UISupportedInterfaceOrientations_iPhone = "UIInterfaceOrientationPortrait UIInterfaceOrientationLandscapeLeft UIInterfaceOrientationLandscapeRight";
				IPHONEOS_DEPLOYMENT_TARGET = 17.0;
				LD_RUNPATH_SEARCH_PATHS = "@executable_path/Frameworks";
				"LD_RUNPATH_SEARCH_PATHS[sdk=macosx*]" = "@executable_path/../Frameworks";
				MACOSX_DEPLOYMENT_TARGET = 14.0;
				MARKETING_VERSION = 1.0;
				PRODUCT_BUNDLE_IDENTIFIER = com.tsubuzaki.Melodee;
				PRODUCT_NAME = "$(TARGET_NAME)";
				SDKROOT = auto;
				SUPPORTED_PLATFORMS = "iphoneos iphonesimulator";
				SUPPORTS_MACCATALYST = NO;
				SWIFT_EMIT_LOC_STRINGS = YES;
				SWIFT_VERSION = 5.0;
				TARGETED_DEVICE_FAMILY = "1,2";
			};
			name = Release;
		};
/* End XCBuildConfiguration section */

/* Begin XCConfigurationList section */
		E4A4D6422AAEF11F0062D12C /* Build configuration list for PBXProject "Melodee" */ = {
			isa = XCConfigurationList;
			buildConfigurations = (
				E4A4D6542AAEF1200062D12C /* Debug */,
				E4A4D6552AAEF1200062D12C /* Release */,
			);
			defaultConfigurationIsVisible = 0;
			defaultConfigurationName = Release;
		};
		E4A4D6562AAEF1200062D12C /* Build configuration list for PBXNativeTarget "Melodee" */ = {
			isa = XCConfigurationList;
			buildConfigurations = (
				E4A4D6572AAEF1200062D12C /* Debug */,
				E4A4D6582AAEF1200062D12C /* Release */,
			);
			defaultConfigurationIsVisible = 0;
			defaultConfigurationName = Release;
		};
/* End XCConfigurationList section */

/* Begin XCRemoteSwiftPackageReference section */
		E43C84572AAF087300D87A5F /* XCRemoteSwiftPackageReference "MarqueeText" */ = {
			isa = XCRemoteSwiftPackageReference;
			repositoryURL = "https://github.com/joekndy/MarqueeText";
			requirement = {
				branch = master;
				kind = branch;
			};
		};
/* End XCRemoteSwiftPackageReference section */

/* Begin XCSwiftPackageProductDependency section */
		E43C84582AAF087300D87A5F /* MarqueeText */ = {
			isa = XCSwiftPackageProductDependency;
			package = E43C84572AAF087300D87A5F /* XCRemoteSwiftPackageReference "MarqueeText" */;
			productName = MarqueeText;
		};
/* End XCSwiftPackageProductDependency section */
	};
	rootObject = E4A4D63F2AAEF11F0062D12C /* Project object */;
}
