// !$*UTF8*$!
{
	archiveVersion = 1;
	classes = {
	};
	objectVersion = 56;
	objects = {

/* Begin PBXBuildFile section */
		E4130F572ABFEF5200AEF308 /* URL.swift in Sources */ = {isa = PBXBuildFile; fileRef = E4130F562ABFEF5200AEF308 /* URL.swift */; };
		E43C84592AAF087300D87A5F /* MarqueeText in Frameworks */ = {isa = PBXBuildFile; productRef = E43C84582AAF087300D87A5F /* MarqueeText */; };
		E43C845D2AAF38B600D87A5F /* MainTabView.swift in Sources */ = {isa = PBXBuildFile; fileRef = E43C845C2AAF38B600D87A5F /* MainTabView.swift */; };
		E43C845F2AAF38D800D87A5F /* TabType.swift in Sources */ = {isa = PBXBuildFile; fileRef = E43C845E2AAF38D800D87A5F /* TabType.swift */; };
		E43C84622AAF391200D87A5F /* MoreView.swift in Sources */ = {isa = PBXBuildFile; fileRef = E43C84612AAF391200D87A5F /* MoreView.swift */; };
		E43C84642AAF392C00D87A5F /* ListRow.swift in Sources */ = {isa = PBXBuildFile; fileRef = E43C84632AAF392C00D87A5F /* ListRow.swift */; };
		E43C84672AAF393600D87A5F /* ListSectionHeader.swift in Sources */ = {isa = PBXBuildFile; fileRef = E43C84662AAF393600D87A5F /* ListSectionHeader.swift */; };
		E43C84692AAF396000D87A5F /* LicensesView.swift in Sources */ = {isa = PBXBuildFile; fileRef = E43C84682AAF396000D87A5F /* LicensesView.swift */; };
		E43C846B2AAF39C700D87A5F /* License.swift in Sources */ = {isa = PBXBuildFile; fileRef = E43C846A2AAF39C700D87A5F /* License.swift */; };
		E43C846D2AAF39EA00D87A5F /* TabManager.swift in Sources */ = {isa = PBXBuildFile; fileRef = E43C846C2AAF39EA00D87A5F /* TabManager.swift */; };
		E43C84702AAF3EE100D87A5F /* NowPlayingView.swift in Sources */ = {isa = PBXBuildFile; fileRef = E43C846F2AAF3EE100D87A5F /* NowPlayingView.swift */; };
		E43C84722AAF708500D87A5F /* MusicProgressSlider.swift in Sources */ = {isa = PBXBuildFile; fileRef = E43C84712AAF708500D87A5F /* MusicProgressSlider.swift */; };
		E43C84742AAF901900D87A5F /* NPQueueTip.swift in Sources */ = {isa = PBXBuildFile; fileRef = E43C84732AAF901900D87A5F /* NPQueueTip.swift */; };
		E43C84772AB0099F00D87A5F /* ID3TagEditor in Frameworks */ = {isa = PBXBuildFile; productRef = E43C84762AB0099F00D87A5F /* ID3TagEditor */; };
		E43C847A2AB009B300D87A5F /* ZIPFoundation in Frameworks */ = {isa = PBXBuildFile; productRef = E43C84792AB009B300D87A5F /* ZIPFoundation */; };
		E43C847C2AB009D600D87A5F /* FileType.swift in Sources */ = {isa = PBXBuildFile; fileRef = E43C847B2AB009D600D87A5F /* FileType.swift */; };
		E43C847F2AB00EF300D87A5F /* TagEditorView.swift in Sources */ = {isa = PBXBuildFile; fileRef = E43C847E2AB00EF300D87A5F /* TagEditorView.swift */; };
		E43C84812AB00F0800D87A5F /* FocusedField.swift in Sources */ = {isa = PBXBuildFile; fileRef = E43C84802AB00F0800D87A5F /* FocusedField.swift */; };
		E43C84832AB00F1A00D87A5F /* Tag.swift in Sources */ = {isa = PBXBuildFile; fileRef = E43C84822AB00F1A00D87A5F /* Tag.swift */; };
		E43C84852AB00F4100D87A5F /* TagTyped.swift in Sources */ = {isa = PBXBuildFile; fileRef = E43C84842AB00F4100D87A5F /* TagTyped.swift */; };
		E43C84872AB00F5000D87A5F /* SaveState.swift in Sources */ = {isa = PBXBuildFile; fileRef = E43C84862AB00F5000D87A5F /* SaveState.swift */; };
		E43C848B2AB00F8D00D87A5F /* TETagDataSection.swift in Sources */ = {isa = PBXBuildFile; fileRef = E43C848A2AB00F8D00D87A5F /* TETagDataSection.swift */; };
		E43C848F2AB00FB600D87A5F /* TEAvailableTokenRow.swift in Sources */ = {isa = PBXBuildFile; fileRef = E43C848E2AB00FB600D87A5F /* TEAvailableTokenRow.swift */; };
		E43C84912AB00FD100D87A5F /* TETokensTip.swift in Sources */ = {isa = PBXBuildFile; fileRef = E43C84902AB00FD100D87A5F /* TETokensTip.swift */; };
		E43C84932AB00FF200D87A5F /* LargeButtonLabel.swift in Sources */ = {isa = PBXBuildFile; fileRef = E43C84922AB00FF200D87A5F /* LargeButtonLabel.swift */; };
		E43C84952AB0100900D87A5F /* ListInputRow.swift in Sources */ = {isa = PBXBuildFile; fileRef = E43C84942AB0100900D87A5F /* ListInputRow.swift */; };
		E43C84972AB0104900D87A5F /* ListDetailRow.swift in Sources */ = {isa = PBXBuildFile; fileRef = E43C84962AB0104900D87A5F /* ListDetailRow.swift */; };
		E43C84992AB0179200D87A5F /* FBContextMenu.swift in Sources */ = {isa = PBXBuildFile; fileRef = E43C84982AB0179200D87A5F /* FBContextMenu.swift */; };
		E43C849D2AB0188B00D87A5F /* ProgressAlert.swift in Sources */ = {isa = PBXBuildFile; fileRef = E43C849C2AB0188B00D87A5F /* ProgressAlert.swift */; };
		E447AABA2B771CC7009A3D3E /* Komponents in Frameworks */ = {isa = PBXBuildFile; productRef = E447AAB92B771CC7009A3D3E /* Komponents */; };
		E447AABC2B772312009A3D3E /* RepeatMode.swift in Sources */ = {isa = PBXBuildFile; fileRef = E447AABB2B772312009A3D3E /* RepeatMode.swift */; };
		E447AAC02B773BF8009A3D3E /* DocumentPicker.swift in Sources */ = {isa = PBXBuildFile; fileRef = E447AABF2B773BF8009A3D3E /* DocumentPicker.swift */; };
		E48AE70E2B9D845800DAC2D2 /* Playlist.swift in Sources */ = {isa = PBXBuildFile; fileRef = E48AE70D2B9D845800DAC2D2 /* Playlist.swift */; };
		E48AE7102B9D847900DAC2D2 /* PlaylistItem.swift in Sources */ = {isa = PBXBuildFile; fileRef = E48AE70F2B9D847900DAC2D2 /* PlaylistItem.swift */; };
		E48AE7132B9D8B8800DAC2D2 /* PlaylistsView.swift in Sources */ = {isa = PBXBuildFile; fileRef = E48AE7122B9D8B8800DAC2D2 /* PlaylistsView.swift */; };
		E4A4D64B2AAEF11F0062D12C /* App.swift in Sources */ = {isa = PBXBuildFile; fileRef = E4A4D64A2AAEF11F0062D12C /* App.swift */; };
		E4A4D64D2AAEF11F0062D12C /* FileBrowserView.swift in Sources */ = {isa = PBXBuildFile; fileRef = E4A4D64C2AAEF11F0062D12C /* FileBrowserView.swift */; };
		E4A4D64F2AAEF1200062D12C /* Assets.xcassets in Resources */ = {isa = PBXBuildFile; fileRef = E4A4D64E2AAEF1200062D12C /* Assets.xcassets */; };
		E4A4D65F2AAEF15B0062D12C /* FilesystemObject.swift in Sources */ = {isa = PBXBuildFile; fileRef = E4A4D65E2AAEF15B0062D12C /* FilesystemObject.swift */; };
		E4A4D6612AAEF1670062D12C /* FSFile.swift in Sources */ = {isa = PBXBuildFile; fileRef = E4A4D6602AAEF1670062D12C /* FSFile.swift */; };
		E4A4D6632AAEF16D0062D12C /* FSDirectory.swift in Sources */ = {isa = PBXBuildFile; fileRef = E4A4D6622AAEF16D0062D12C /* FSDirectory.swift */; };
		E4A4D6652AAEF1F80062D12C /* FilesystemManager.swift in Sources */ = {isa = PBXBuildFile; fileRef = E4A4D6642AAEF1F80062D12C /* FilesystemManager.swift */; };
		E4A4D6672AAEF2170062D12C /* Localizable.xcstrings in Resources */ = {isa = PBXBuildFile; fileRef = E4A4D6662AAEF2170062D12C /* Localizable.xcstrings */; };
		E4A4D66A2AAEF2BD0062D12C /* HintOverlay.swift in Sources */ = {isa = PBXBuildFile; fileRef = E4A4D6692AAEF2BD0062D12C /* HintOverlay.swift */; };
		E4A4D66C2AAEF2E30062D12C /* FBNoFilesTip.swift in Sources */ = {isa = PBXBuildFile; fileRef = E4A4D66B2AAEF2E30062D12C /* FBNoFilesTip.swift */; };
		E4A4D66F2AAEF36D0062D12C /* ListFileRow.swift in Sources */ = {isa = PBXBuildFile; fileRef = E4A4D66E2AAEF36D0062D12C /* ListFileRow.swift */; };
		E4A4D6712AAEF39B0062D12C /* NavigationManager.swift in Sources */ = {isa = PBXBuildFile; fileRef = E4A4D6702AAEF39B0062D12C /* NavigationManager.swift */; };
		E4A4D6742AAEF3B30062D12C /* ViewPath.swift in Sources */ = {isa = PBXBuildFile; fileRef = E4A4D6732AAEF3B30062D12C /* ViewPath.swift */; };
		E4A4D6762AAEF4040062D12C /* ListFolderRow.swift in Sources */ = {isa = PBXBuildFile; fileRef = E4A4D6752AAEF4040062D12C /* ListFolderRow.swift */; };
		E4A4D6782AAEF58A0062D12C /* InfoPlist.xcstrings in Resources */ = {isa = PBXBuildFile; fileRef = E4A4D6772AAEF58A0062D12C /* InfoPlist.xcstrings */; };
		E4A4D67B2AAEFB750062D12C /* ActionButton.swift in Sources */ = {isa = PBXBuildFile; fileRef = E4A4D67A2AAEFB750062D12C /* ActionButton.swift */; };
		E4A4D67D2AAEFD9D0062D12C /* MediaPlayerManager.swift in Sources */ = {isa = PBXBuildFile; fileRef = E4A4D67C2AAEFD9D0062D12C /* MediaPlayerManager.swift */; };
		E4A4D67F2AAF05F70062D12C /* NowPlayingBar.swift in Sources */ = {isa = PBXBuildFile; fileRef = E4A4D67E2AAF05F70062D12C /* NowPlayingBar.swift */; };
		E4D09A3D2AB0B1D1008D115A /* FBTagSection.swift in Sources */ = {isa = PBXBuildFile; fileRef = E4D09A3C2AB0B1D1008D115A /* FBTagSection.swift */; };
		E4D09A3F2AB0B229008D115A /* FBPlaybackSection.swift in Sources */ = {isa = PBXBuildFile; fileRef = E4D09A3E2AB0B229008D115A /* FBPlaybackSection.swift */; };
		E4D09A412AB0B2E9008D115A /* FBDirectoryRow.swift in Sources */ = {isa = PBXBuildFile; fileRef = E4D09A402AB0B2E9008D115A /* FBDirectoryRow.swift */; };
		E4D09A432AB0B34C008D115A /* FBAudioFileRow.swift in Sources */ = {isa = PBXBuildFile; fileRef = E4D09A422AB0B34C008D115A /* FBAudioFileRow.swift */; };
		E4D09A452AB0B404008D115A /* FBZipFileRow.swift in Sources */ = {isa = PBXBuildFile; fileRef = E4D09A442AB0B404008D115A /* FBZipFileRow.swift */; };
		E4D09A472AB0B576008D115A /* FBState.swift in Sources */ = {isa = PBXBuildFile; fileRef = E4D09A462AB0B575008D115A /* FBState.swift */; };
		E4D09A492AB0BABA008D115A /* FBImageFileRow.swift in Sources */ = {isa = PBXBuildFile; fileRef = E4D09A482AB0BABA008D115A /* FBImageFileRow.swift */; };
		E4D09A4B2AB0CBA1008D115A /* NPControllerSection.swift in Sources */ = {isa = PBXBuildFile; fileRef = E4D09A4A2AB0CBA1008D115A /* NPControllerSection.swift */; };
		E4D09A4D2AB0CC4E008D115A /* NPQueueSection.swift in Sources */ = {isa = PBXBuildFile; fileRef = E4D09A4C2AB0CC4E008D115A /* NPQueueSection.swift */; };
		E4D09A4F2AB0CFE7008D115A /* SettingsManager.swift in Sources */ = {isa = PBXBuildFile; fileRef = E4D09A4E2AB0CFE7008D115A /* SettingsManager.swift */; };
		E4D09A502AB0F25C008D115A /* ProperDigit.plist in Resources */ = {isa = PBXBuildFile; fileRef = E4EE91E92AB0998A004AC3D2 /* ProperDigit.plist */; };
		E4DB2A522AB3445600C5810D /* ImageViewerView.swift in Sources */ = {isa = PBXBuildFile; fileRef = E4DB2A512AB3445600C5810D /* ImageViewerView.swift */; };
		E4DB2A552AB350F500C5810D /* PDFViewerView.swift in Sources */ = {isa = PBXBuildFile; fileRef = E4DB2A542AB350F500C5810D /* PDFViewerView.swift */; };
		E4DB2A572AB351CB00C5810D /* FBPdfFileRow.swift in Sources */ = {isa = PBXBuildFile; fileRef = E4DB2A562AB351CB00C5810D /* FBPdfFileRow.swift */; };
		E4DB2A5A2AB3533000C5810D /* TextViewerView.swift in Sources */ = {isa = PBXBuildFile; fileRef = E4DB2A592AB3533000C5810D /* TextViewerView.swift */; };
		E4DB2A5C2AB353E900C5810D /* FBTextFileRow.swift in Sources */ = {isa = PBXBuildFile; fileRef = E4DB2A5B2AB353E900C5810D /* FBTextFileRow.swift */; };
		E4DB2A5E2AB3F34500C5810D /* ID3Tag.swift in Sources */ = {isa = PBXBuildFile; fileRef = E4DB2A5D2AB3F34500C5810D /* ID3Tag.swift */; };
		E4DB2A602AB3FF5400C5810D /* ZoomableImageView.swift in Sources */ = {isa = PBXBuildFile; fileRef = E4DB2A5F2AB3FF5400C5810D /* ZoomableImageView.swift */; };
		E4DB2A632AB3FFA800C5810D /* Zoomy in Frameworks */ = {isa = PBXBuildFile; productRef = E4DB2A622AB3FFA800C5810D /* Zoomy */; };
		E4DB2A652AB4029100C5810D /* UIView.swift in Sources */ = {isa = PBXBuildFile; fileRef = E4DB2A642AB4029100C5810D /* UIView.swift */; };
		E4DB2A682AB4032900C5810D /* VariableBlurView in Frameworks */ = {isa = PBXBuildFile; productRef = E4DB2A672AB4032900C5810D /* VariableBlurView */; };
		E4EE91EC2AB09A92004AC3D2 /* Bundle.swift in Sources */ = {isa = PBXBuildFile; fileRef = E4EE91EB2AB09A92004AC3D2 /* Bundle.swift */; };
		E4EE91EE2AB09E8E004AC3D2 /* TEAvailableTokensSection.swift in Sources */ = {isa = PBXBuildFile; fileRef = E4EE91ED2AB09E8E004AC3D2 /* TEAvailableTokensSection.swift */; };
/* End PBXBuildFile section */

/* Begin PBXFileReference section */
		E4130F562ABFEF5200AEF308 /* URL.swift */ = {isa = PBXFileReference; lastKnownFileType = sourcecode.swift; path = URL.swift; sourceTree = "<group>"; };
		E43C845C2AAF38B600D87A5F /* MainTabView.swift */ = {isa = PBXFileReference; lastKnownFileType = sourcecode.swift; path = MainTabView.swift; sourceTree = "<group>"; };
		E43C845E2AAF38D800D87A5F /* TabType.swift */ = {isa = PBXFileReference; lastKnownFileType = sourcecode.swift; path = TabType.swift; sourceTree = "<group>"; };
		E43C84612AAF391200D87A5F /* MoreView.swift */ = {isa = PBXFileReference; lastKnownFileType = sourcecode.swift; path = MoreView.swift; sourceTree = "<group>"; };
		E43C84632AAF392C00D87A5F /* ListRow.swift */ = {isa = PBXFileReference; lastKnownFileType = sourcecode.swift; path = ListRow.swift; sourceTree = "<group>"; };
		E43C84662AAF393600D87A5F /* ListSectionHeader.swift */ = {isa = PBXFileReference; lastKnownFileType = sourcecode.swift; path = ListSectionHeader.swift; sourceTree = "<group>"; };
		E43C84682AAF396000D87A5F /* LicensesView.swift */ = {isa = PBXFileReference; lastKnownFileType = sourcecode.swift; path = LicensesView.swift; sourceTree = "<group>"; };
		E43C846A2AAF39C700D87A5F /* License.swift */ = {isa = PBXFileReference; lastKnownFileType = sourcecode.swift; path = License.swift; sourceTree = "<group>"; };
		E43C846C2AAF39EA00D87A5F /* TabManager.swift */ = {isa = PBXFileReference; lastKnownFileType = sourcecode.swift; path = TabManager.swift; sourceTree = "<group>"; };
		E43C846F2AAF3EE100D87A5F /* NowPlayingView.swift */ = {isa = PBXFileReference; lastKnownFileType = sourcecode.swift; path = NowPlayingView.swift; sourceTree = "<group>"; };
		E43C84712AAF708500D87A5F /* MusicProgressSlider.swift */ = {isa = PBXFileReference; lastKnownFileType = sourcecode.swift; path = MusicProgressSlider.swift; sourceTree = "<group>"; };
		E43C84732AAF901900D87A5F /* NPQueueTip.swift */ = {isa = PBXFileReference; lastKnownFileType = sourcecode.swift; path = NPQueueTip.swift; sourceTree = "<group>"; };
		E43C847B2AB009D600D87A5F /* FileType.swift */ = {isa = PBXFileReference; lastKnownFileType = sourcecode.swift; path = FileType.swift; sourceTree = "<group>"; };
		E43C847E2AB00EF300D87A5F /* TagEditorView.swift */ = {isa = PBXFileReference; lastKnownFileType = sourcecode.swift; path = TagEditorView.swift; sourceTree = "<group>"; };
		E43C84802AB00F0800D87A5F /* FocusedField.swift */ = {isa = PBXFileReference; lastKnownFileType = sourcecode.swift; path = FocusedField.swift; sourceTree = "<group>"; };
		E43C84822AB00F1A00D87A5F /* Tag.swift */ = {isa = PBXFileReference; lastKnownFileType = sourcecode.swift; path = Tag.swift; sourceTree = "<group>"; };
		E43C84842AB00F4100D87A5F /* TagTyped.swift */ = {isa = PBXFileReference; lastKnownFileType = sourcecode.swift; path = TagTyped.swift; sourceTree = "<group>"; };
		E43C84862AB00F5000D87A5F /* SaveState.swift */ = {isa = PBXFileReference; lastKnownFileType = sourcecode.swift; path = SaveState.swift; sourceTree = "<group>"; };
		E43C848A2AB00F8D00D87A5F /* TETagDataSection.swift */ = {isa = PBXFileReference; lastKnownFileType = sourcecode.swift; path = TETagDataSection.swift; sourceTree = "<group>"; };
		E43C848E2AB00FB600D87A5F /* TEAvailableTokenRow.swift */ = {isa = PBXFileReference; lastKnownFileType = sourcecode.swift; path = TEAvailableTokenRow.swift; sourceTree = "<group>"; };
		E43C84902AB00FD100D87A5F /* TETokensTip.swift */ = {isa = PBXFileReference; lastKnownFileType = sourcecode.swift; path = TETokensTip.swift; sourceTree = "<group>"; };
		E43C84922AB00FF200D87A5F /* LargeButtonLabel.swift */ = {isa = PBXFileReference; lastKnownFileType = sourcecode.swift; path = LargeButtonLabel.swift; sourceTree = "<group>"; };
		E43C84942AB0100900D87A5F /* ListInputRow.swift */ = {isa = PBXFileReference; lastKnownFileType = sourcecode.swift; path = ListInputRow.swift; sourceTree = "<group>"; };
		E43C84962AB0104900D87A5F /* ListDetailRow.swift */ = {isa = PBXFileReference; lastKnownFileType = sourcecode.swift; path = ListDetailRow.swift; sourceTree = "<group>"; };
		E43C84982AB0179200D87A5F /* FBContextMenu.swift */ = {isa = PBXFileReference; lastKnownFileType = sourcecode.swift; path = FBContextMenu.swift; sourceTree = "<group>"; };
		E43C849C2AB0188B00D87A5F /* ProgressAlert.swift */ = {isa = PBXFileReference; lastKnownFileType = sourcecode.swift; path = ProgressAlert.swift; sourceTree = "<group>"; };
		E447AABB2B772312009A3D3E /* RepeatMode.swift */ = {isa = PBXFileReference; lastKnownFileType = sourcecode.swift; path = RepeatMode.swift; sourceTree = "<group>"; };
		E447AABF2B773BF8009A3D3E /* DocumentPicker.swift */ = {isa = PBXFileReference; lastKnownFileType = sourcecode.swift; path = DocumentPicker.swift; sourceTree = "<group>"; };
		E48AE70D2B9D845800DAC2D2 /* Playlist.swift */ = {isa = PBXFileReference; lastKnownFileType = sourcecode.swift; path = Playlist.swift; sourceTree = "<group>"; };
		E48AE70F2B9D847900DAC2D2 /* PlaylistItem.swift */ = {isa = PBXFileReference; lastKnownFileType = sourcecode.swift; path = PlaylistItem.swift; sourceTree = "<group>"; };
		E48AE7122B9D8B8800DAC2D2 /* PlaylistsView.swift */ = {isa = PBXFileReference; lastKnownFileType = sourcecode.swift; path = PlaylistsView.swift; sourceTree = "<group>"; };
		E4A4D6472AAEF11F0062D12C /* Melodee.app */ = {isa = PBXFileReference; explicitFileType = wrapper.application; includeInIndex = 0; path = Melodee.app; sourceTree = BUILT_PRODUCTS_DIR; };
		E4A4D64A2AAEF11F0062D12C /* App.swift */ = {isa = PBXFileReference; lastKnownFileType = sourcecode.swift; path = App.swift; sourceTree = "<group>"; };
		E4A4D64C2AAEF11F0062D12C /* FileBrowserView.swift */ = {isa = PBXFileReference; lastKnownFileType = sourcecode.swift; path = FileBrowserView.swift; sourceTree = "<group>"; };
		E4A4D64E2AAEF1200062D12C /* Assets.xcassets */ = {isa = PBXFileReference; lastKnownFileType = folder.assetcatalog; path = Assets.xcassets; sourceTree = "<group>"; };
		E4A4D6502AAEF1200062D12C /* Melodee.entitlements */ = {isa = PBXFileReference; lastKnownFileType = text.plist.entitlements; path = Melodee.entitlements; sourceTree = "<group>"; };
		E4A4D65E2AAEF15B0062D12C /* FilesystemObject.swift */ = {isa = PBXFileReference; lastKnownFileType = sourcecode.swift; path = FilesystemObject.swift; sourceTree = "<group>"; };
		E4A4D6602AAEF1670062D12C /* FSFile.swift */ = {isa = PBXFileReference; lastKnownFileType = sourcecode.swift; path = FSFile.swift; sourceTree = "<group>"; };
		E4A4D6622AAEF16D0062D12C /* FSDirectory.swift */ = {isa = PBXFileReference; lastKnownFileType = sourcecode.swift; path = FSDirectory.swift; sourceTree = "<group>"; };
		E4A4D6642AAEF1F80062D12C /* FilesystemManager.swift */ = {isa = PBXFileReference; lastKnownFileType = sourcecode.swift; path = FilesystemManager.swift; sourceTree = "<group>"; };
		E4A4D6662AAEF2170062D12C /* Localizable.xcstrings */ = {isa = PBXFileReference; lastKnownFileType = text.json.xcstrings; path = Localizable.xcstrings; sourceTree = "<group>"; };
		E4A4D6692AAEF2BD0062D12C /* HintOverlay.swift */ = {isa = PBXFileReference; lastKnownFileType = sourcecode.swift; path = HintOverlay.swift; sourceTree = "<group>"; };
		E4A4D66B2AAEF2E30062D12C /* FBNoFilesTip.swift */ = {isa = PBXFileReference; lastKnownFileType = sourcecode.swift; path = FBNoFilesTip.swift; sourceTree = "<group>"; };
		E4A4D66E2AAEF36D0062D12C /* ListFileRow.swift */ = {isa = PBXFileReference; lastKnownFileType = sourcecode.swift; path = ListFileRow.swift; sourceTree = "<group>"; };
		E4A4D6702AAEF39B0062D12C /* NavigationManager.swift */ = {isa = PBXFileReference; lastKnownFileType = sourcecode.swift; path = NavigationManager.swift; sourceTree = "<group>"; };
		E4A4D6732AAEF3B30062D12C /* ViewPath.swift */ = {isa = PBXFileReference; lastKnownFileType = sourcecode.swift; path = ViewPath.swift; sourceTree = "<group>"; };
		E4A4D6752AAEF4040062D12C /* ListFolderRow.swift */ = {isa = PBXFileReference; lastKnownFileType = sourcecode.swift; path = ListFolderRow.swift; sourceTree = "<group>"; };
		E4A4D6772AAEF58A0062D12C /* InfoPlist.xcstrings */ = {isa = PBXFileReference; lastKnownFileType = text.json.xcstrings; path = InfoPlist.xcstrings; sourceTree = "<group>"; };
		E4A4D6792AAEF5C80062D12C /* Info.plist */ = {isa = PBXFileReference; lastKnownFileType = text.plist; path = Info.plist; sourceTree = "<group>"; };
		E4A4D67A2AAEFB750062D12C /* ActionButton.swift */ = {isa = PBXFileReference; lastKnownFileType = sourcecode.swift; path = ActionButton.swift; sourceTree = "<group>"; };
		E4A4D67C2AAEFD9D0062D12C /* MediaPlayerManager.swift */ = {isa = PBXFileReference; lastKnownFileType = sourcecode.swift; path = MediaPlayerManager.swift; sourceTree = "<group>"; };
		E4A4D67E2AAF05F70062D12C /* NowPlayingBar.swift */ = {isa = PBXFileReference; lastKnownFileType = sourcecode.swift; path = NowPlayingBar.swift; sourceTree = "<group>"; };
		E4D09A3C2AB0B1D1008D115A /* FBTagSection.swift */ = {isa = PBXFileReference; lastKnownFileType = sourcecode.swift; path = FBTagSection.swift; sourceTree = "<group>"; };
		E4D09A3E2AB0B229008D115A /* FBPlaybackSection.swift */ = {isa = PBXFileReference; lastKnownFileType = sourcecode.swift; path = FBPlaybackSection.swift; sourceTree = "<group>"; };
		E4D09A402AB0B2E9008D115A /* FBDirectoryRow.swift */ = {isa = PBXFileReference; lastKnownFileType = sourcecode.swift; path = FBDirectoryRow.swift; sourceTree = "<group>"; };
		E4D09A422AB0B34C008D115A /* FBAudioFileRow.swift */ = {isa = PBXFileReference; lastKnownFileType = sourcecode.swift; path = FBAudioFileRow.swift; sourceTree = "<group>"; };
		E4D09A442AB0B404008D115A /* FBZipFileRow.swift */ = {isa = PBXFileReference; lastKnownFileType = sourcecode.swift; path = FBZipFileRow.swift; sourceTree = "<group>"; };
		E4D09A462AB0B575008D115A /* FBState.swift */ = {isa = PBXFileReference; lastKnownFileType = sourcecode.swift; path = FBState.swift; sourceTree = "<group>"; };
		E4D09A482AB0BABA008D115A /* FBImageFileRow.swift */ = {isa = PBXFileReference; lastKnownFileType = sourcecode.swift; path = FBImageFileRow.swift; sourceTree = "<group>"; };
		E4D09A4A2AB0CBA1008D115A /* NPControllerSection.swift */ = {isa = PBXFileReference; lastKnownFileType = sourcecode.swift; path = NPControllerSection.swift; sourceTree = "<group>"; };
		E4D09A4C2AB0CC4E008D115A /* NPQueueSection.swift */ = {isa = PBXFileReference; lastKnownFileType = sourcecode.swift; path = NPQueueSection.swift; sourceTree = "<group>"; };
		E4D09A4E2AB0CFE7008D115A /* SettingsManager.swift */ = {isa = PBXFileReference; lastKnownFileType = sourcecode.swift; path = SettingsManager.swift; sourceTree = "<group>"; };
		E4DB2A512AB3445600C5810D /* ImageViewerView.swift */ = {isa = PBXFileReference; lastKnownFileType = sourcecode.swift; path = ImageViewerView.swift; sourceTree = "<group>"; };
		E4DB2A542AB350F500C5810D /* PDFViewerView.swift */ = {isa = PBXFileReference; lastKnownFileType = sourcecode.swift; path = PDFViewerView.swift; sourceTree = "<group>"; };
		E4DB2A562AB351CB00C5810D /* FBPdfFileRow.swift */ = {isa = PBXFileReference; lastKnownFileType = sourcecode.swift; path = FBPdfFileRow.swift; sourceTree = "<group>"; };
		E4DB2A592AB3533000C5810D /* TextViewerView.swift */ = {isa = PBXFileReference; lastKnownFileType = sourcecode.swift; path = TextViewerView.swift; sourceTree = "<group>"; };
		E4DB2A5B2AB353E900C5810D /* FBTextFileRow.swift */ = {isa = PBXFileReference; lastKnownFileType = sourcecode.swift; path = FBTextFileRow.swift; sourceTree = "<group>"; };
		E4DB2A5D2AB3F34500C5810D /* ID3Tag.swift */ = {isa = PBXFileReference; lastKnownFileType = sourcecode.swift; path = ID3Tag.swift; sourceTree = "<group>"; };
		E4DB2A5F2AB3FF5400C5810D /* ZoomableImageView.swift */ = {isa = PBXFileReference; lastKnownFileType = sourcecode.swift; path = ZoomableImageView.swift; sourceTree = "<group>"; };
		E4DB2A642AB4029100C5810D /* UIView.swift */ = {isa = PBXFileReference; lastKnownFileType = sourcecode.swift; path = UIView.swift; sourceTree = "<group>"; };
		E4EE91E92AB0998A004AC3D2 /* ProperDigit.plist */ = {isa = PBXFileReference; lastKnownFileType = text.plist.xml; path = ProperDigit.plist; sourceTree = "<group>"; };
		E4EE91EB2AB09A92004AC3D2 /* Bundle.swift */ = {isa = PBXFileReference; lastKnownFileType = sourcecode.swift; path = Bundle.swift; sourceTree = "<group>"; };
		E4EE91ED2AB09E8E004AC3D2 /* TEAvailableTokensSection.swift */ = {isa = PBXFileReference; lastKnownFileType = sourcecode.swift; path = TEAvailableTokensSection.swift; sourceTree = "<group>"; };
/* End PBXFileReference section */

/* Begin PBXFrameworksBuildPhase section */
		E4A4D6442AAEF11F0062D12C /* Frameworks */ = {
			isa = PBXFrameworksBuildPhase;
			buildActionMask = 2147483647;
			files = (
				E43C84592AAF087300D87A5F /* MarqueeText in Frameworks */,
				E43C84772AB0099F00D87A5F /* ID3TagEditor in Frameworks */,
				E447AABA2B771CC7009A3D3E /* Komponents in Frameworks */,
				E43C847A2AB009B300D87A5F /* ZIPFoundation in Frameworks */,
				E4DB2A632AB3FFA800C5810D /* Zoomy in Frameworks */,
				E4DB2A682AB4032900C5810D /* VariableBlurView in Frameworks */,
			);
			runOnlyForDeploymentPostprocessing = 0;
		};
/* End PBXFrameworksBuildPhase section */

/* Begin PBXGroup section */
		E4130F422ABEA2AE00AEF308 /* Tips */ = {
			isa = PBXGroup;
			children = (
				E4A4D66B2AAEF2E30062D12C /* FBNoFilesTip.swift */,
				E43C84732AAF901900D87A5F /* NPQueueTip.swift */,
				E43C84902AB00FD100D87A5F /* TETokensTip.swift */,
			);
			path = Tips;
			sourceTree = "<group>";
		};
		E43C845B2AAF38AA00D87A5F /* Files */ = {
			isa = PBXGroup;
			children = (
				E4A4D64C2AAEF11F0062D12C /* FileBrowserView.swift */,
				E4D09A402AB0B2E9008D115A /* FBDirectoryRow.swift */,
				E4D09A422AB0B34C008D115A /* FBAudioFileRow.swift */,
				E4D09A482AB0BABA008D115A /* FBImageFileRow.swift */,
				E4DB2A5B2AB353E900C5810D /* FBTextFileRow.swift */,
				E4DB2A562AB351CB00C5810D /* FBPdfFileRow.swift */,
				E4D09A442AB0B404008D115A /* FBZipFileRow.swift */,
				E4D09A3E2AB0B229008D115A /* FBPlaybackSection.swift */,
				E4D09A3C2AB0B1D1008D115A /* FBTagSection.swift */,
				E43C84982AB0179200D87A5F /* FBContextMenu.swift */,
			);
			path = Files;
			sourceTree = "<group>";
		};
		E43C84602AAF390700D87A5F /* More */ = {
			isa = PBXGroup;
			children = (
				E43C84612AAF391200D87A5F /* MoreView.swift */,
				E43C84682AAF396000D87A5F /* LicensesView.swift */,
			);
			path = More;
			sourceTree = "<group>";
		};
		E43C846E2AAF3ED500D87A5F /* Now Playing */ = {
			isa = PBXGroup;
			children = (
				E4A4D67E2AAF05F70062D12C /* NowPlayingBar.swift */,
				E43C846F2AAF3EE100D87A5F /* NowPlayingView.swift */,
				E4D09A4A2AB0CBA1008D115A /* NPControllerSection.swift */,
				E4D09A4C2AB0CC4E008D115A /* NPQueueSection.swift */,
			);
			path = "Now Playing";
			sourceTree = "<group>";
		};
		E43C847D2AB00EE800D87A5F /* Tag Editor */ = {
			isa = PBXGroup;
			children = (
				E43C847E2AB00EF300D87A5F /* TagEditorView.swift */,
				E43C848A2AB00F8D00D87A5F /* TETagDataSection.swift */,
				E4EE91ED2AB09E8E004AC3D2 /* TEAvailableTokensSection.swift */,
				E43C848E2AB00FB600D87A5F /* TEAvailableTokenRow.swift */,
			);
			path = "Tag Editor";
			sourceTree = "<group>";
		};
		E48AE7112B9D851A00DAC2D2 /* Playlists */ = {
			isa = PBXGroup;
			children = (
				E48AE7122B9D8B8800DAC2D2 /* PlaylistsView.swift */,
			);
			path = Playlists;
			sourceTree = "<group>";
		};
		E4A4D63E2AAEF11F0062D12C = {
			isa = PBXGroup;
			children = (
				E4A4D6492AAEF11F0062D12C /* Melodee */,
				E4A4D6482AAEF11F0062D12C /* Products */,
			);
			sourceTree = "<group>";
		};
		E4A4D6482AAEF11F0062D12C /* Products */ = {
			isa = PBXGroup;
			children = (
				E4A4D6472AAEF11F0062D12C /* Melodee.app */,
			);
			name = Products;
			sourceTree = "<group>";
		};
		E4A4D6492AAEF11F0062D12C /* Melodee */ = {
			isa = PBXGroup;
			children = (
				E4A4D6502AAEF1200062D12C /* Melodee.entitlements */,
				E4A4D6792AAEF5C80062D12C /* Info.plist */,
				E4A4D64E2AAEF1200062D12C /* Assets.xcassets */,
				E4A4D6772AAEF58A0062D12C /* InfoPlist.xcstrings */,
				E4A4D6662AAEF2170062D12C /* Localizable.xcstrings */,
				E4A4D6592AAEF1330062D12C /* Views */,
				E4A4D65A2AAEF13E0062D12C /* Structs */,
				E4A4D65B2AAEF1440062D12C /* Classes */,
				E4A4D6722AAEF3AA0062D12C /* Enums */,
				E4A4D65D2AAEF14D0062D12C /* Protocols */,
				E4EE91E82AB09985004AC3D2 /* Utilities */,
			);
			path = Melodee;
			sourceTree = "<group>";
		};
		E4A4D6592AAEF1330062D12C /* Views */ = {
			isa = PBXGroup;
			children = (
				E4A4D64A2AAEF11F0062D12C /* App.swift */,
				E43C845C2AAF38B600D87A5F /* MainTabView.swift */,
				E43C845B2AAF38AA00D87A5F /* Files */,
				E48AE7112B9D851A00DAC2D2 /* Playlists */,
				E43C84602AAF390700D87A5F /* More */,
				E4A4D6682AAEF2B40062D12C /* Shared */,
			);
			path = Views;
			sourceTree = "<group>";
		};
		E4A4D65A2AAEF13E0062D12C /* Structs */ = {
			isa = PBXGroup;
			children = (
				E4130F422ABEA2AE00AEF308 /* Tips */,
				E4D09A462AB0B575008D115A /* FBState.swift */,
				E4A4D6622AAEF16D0062D12C /* FSDirectory.swift */,
				E4A4D6602AAEF1670062D12C /* FSFile.swift */,
				E43C846A2AAF39C700D87A5F /* License.swift */,
				E43C84822AB00F1A00D87A5F /* Tag.swift */,
				E43C84842AB00F4100D87A5F /* TagTyped.swift */,
				E48AE70D2B9D845800DAC2D2 /* Playlist.swift */,
				E48AE70F2B9D847900DAC2D2 /* PlaylistItem.swift */,
			);
			path = Structs;
			sourceTree = "<group>";
		};
		E4A4D65B2AAEF1440062D12C /* Classes */ = {
			isa = PBXGroup;
			children = (
				E4A4D6642AAEF1F80062D12C /* FilesystemManager.swift */,
				E4A4D67C2AAEFD9D0062D12C /* MediaPlayerManager.swift */,
				E4D09A4E2AB0CFE7008D115A /* SettingsManager.swift */,
				E4A4D6702AAEF39B0062D12C /* NavigationManager.swift */,
				E43C846C2AAF39EA00D87A5F /* TabManager.swift */,
			);
			path = Classes;
			sourceTree = "<group>";
		};
		E4A4D65D2AAEF14D0062D12C /* Protocols */ = {
			isa = PBXGroup;
			children = (
				E4A4D65E2AAEF15B0062D12C /* FilesystemObject.swift */,
			);
			path = Protocols;
			sourceTree = "<group>";
		};
		E4A4D6682AAEF2B40062D12C /* Shared */ = {
			isa = PBXGroup;
			children = (
				E43C846E2AAF3ED500D87A5F /* Now Playing */,
				E4DB2A502AB3443100C5810D /* Image Viewer */,
				E4DB2A532AB350E900C5810D /* PDF Viewer */,
				E4DB2A582AB3532400C5810D /* Text Viewer */,
				E43C847D2AB00EE800D87A5F /* Tag Editor */,
				E4A4D67A2AAEFB750062D12C /* ActionButton.swift */,
				E447AABF2B773BF8009A3D3E /* DocumentPicker.swift */,
				E4A4D6692AAEF2BD0062D12C /* HintOverlay.swift */,
				E43C84922AB00FF200D87A5F /* LargeButtonLabel.swift */,
				E43C84962AB0104900D87A5F /* ListDetailRow.swift */,
				E4A4D66E2AAEF36D0062D12C /* ListFileRow.swift */,
				E4A4D6752AAEF4040062D12C /* ListFolderRow.swift */,
				E43C84942AB0100900D87A5F /* ListInputRow.swift */,
				E43C84632AAF392C00D87A5F /* ListRow.swift */,
				E43C84662AAF393600D87A5F /* ListSectionHeader.swift */,
				E43C84712AAF708500D87A5F /* MusicProgressSlider.swift */,
				E43C849C2AB0188B00D87A5F /* ProgressAlert.swift */,
			);
			path = Shared;
			sourceTree = "<group>";
		};
		E4A4D6722AAEF3AA0062D12C /* Enums */ = {
			isa = PBXGroup;
			children = (
				E43C847B2AB009D600D87A5F /* FileType.swift */,
				E43C84862AB00F5000D87A5F /* SaveState.swift */,
				E4A4D6732AAEF3B30062D12C /* ViewPath.swift */,
				E43C845E2AAF38D800D87A5F /* TabType.swift */,
				E43C84802AB00F0800D87A5F /* FocusedField.swift */,
				E447AABB2B772312009A3D3E /* RepeatMode.swift */,
			);
			path = Enums;
			sourceTree = "<group>";
		};
		E4DB2A502AB3443100C5810D /* Image Viewer */ = {
			isa = PBXGroup;
			children = (
				E4DB2A512AB3445600C5810D /* ImageViewerView.swift */,
				E4DB2A5F2AB3FF5400C5810D /* ZoomableImageView.swift */,
			);
			path = "Image Viewer";
			sourceTree = "<group>";
		};
		E4DB2A532AB350E900C5810D /* PDF Viewer */ = {
			isa = PBXGroup;
			children = (
				E4DB2A542AB350F500C5810D /* PDFViewerView.swift */,
			);
			path = "PDF Viewer";
			sourceTree = "<group>";
		};
		E4DB2A582AB3532400C5810D /* Text Viewer */ = {
			isa = PBXGroup;
			children = (
				E4DB2A592AB3533000C5810D /* TextViewerView.swift */,
			);
			path = "Text Viewer";
			sourceTree = "<group>";
		};
		E4EE91E82AB09985004AC3D2 /* Utilities */ = {
			isa = PBXGroup;
			children = (
				E4EE91E92AB0998A004AC3D2 /* ProperDigit.plist */,
				E4EE91EB2AB09A92004AC3D2 /* Bundle.swift */,
				E4DB2A5D2AB3F34500C5810D /* ID3Tag.swift */,
				E4DB2A642AB4029100C5810D /* UIView.swift */,
				E4130F562ABFEF5200AEF308 /* URL.swift */,
			);
			path = Utilities;
			sourceTree = "<group>";
		};
/* End PBXGroup section */

/* Begin PBXNativeTarget section */
		E4A4D6462AAEF11F0062D12C /* Melodee */ = {
			isa = PBXNativeTarget;
			buildConfigurationList = E4A4D6562AAEF1200062D12C /* Build configuration list for PBXNativeTarget "Melodee" */;
			buildPhases = (
				E4A4D6432AAEF11F0062D12C /* Sources */,
				E4A4D6442AAEF11F0062D12C /* Frameworks */,
				E4A4D6452AAEF11F0062D12C /* Resources */,
				E43C845A2AAF08AF00D87A5F /* ShellScript */,
			);
			buildRules = (
			);
			dependencies = (
			);
			name = Melodee;
			packageProductDependencies = (
				E43C84582AAF087300D87A5F /* MarqueeText */,
				E43C84762AB0099F00D87A5F /* ID3TagEditor */,
				E43C84792AB009B300D87A5F /* ZIPFoundation */,
				E4DB2A622AB3FFA800C5810D /* Zoomy */,
				E4DB2A672AB4032900C5810D /* VariableBlurView */,
				E447AAB92B771CC7009A3D3E /* Komponents */,
			);
			productName = Melodee;
			productReference = E4A4D6472AAEF11F0062D12C /* Melodee.app */;
			productType = "com.apple.product-type.application";
		};
/* End PBXNativeTarget section */

/* Begin PBXProject section */
		E4A4D63F2AAEF11F0062D12C /* Project object */ = {
			isa = PBXProject;
			attributes = {
				BuildIndependentTargetsInParallel = 1;
				LastSwiftUpdateCheck = 1500;
				LastUpgradeCheck = 1520;
				TargetAttributes = {
					E4A4D6462AAEF11F0062D12C = {
						CreatedOnToolsVersion = 15.0;
					};
				};
			};
			buildConfigurationList = E4A4D6422AAEF11F0062D12C /* Build configuration list for PBXProject "Melodee" */;
			compatibilityVersion = "Xcode 14.0";
			developmentRegion = en;
			hasScannedForEncodings = 0;
			knownRegions = (
				en,
				Base,
				ja,
			);
			mainGroup = E4A4D63E2AAEF11F0062D12C;
			packageReferences = (
				E43C84572AAF087300D87A5F /* XCRemoteSwiftPackageReference "MarqueeText" */,
				E43C84752AB0099F00D87A5F /* XCRemoteSwiftPackageReference "ID3TagEditor" */,
				E43C84782AB009B300D87A5F /* XCRemoteSwiftPackageReference "ZIPFoundation" */,
				E4DB2A612AB3FFA800C5810D /* XCRemoteSwiftPackageReference "Zoomy" */,
				E4DB2A662AB4032900C5810D /* XCRemoteSwiftPackageReference "VariableBlurView" */,
				E447AAB82B771CC7009A3D3E /* XCRemoteSwiftPackageReference "Komponents" */,
			);
			productRefGroup = E4A4D6482AAEF11F0062D12C /* Products */;
			projectDirPath = "";
			projectRoot = "";
			targets = (
				E4A4D6462AAEF11F0062D12C /* Melodee */,
			);
		};
/* End PBXProject section */

/* Begin PBXResourcesBuildPhase section */
		E4A4D6452AAEF11F0062D12C /* Resources */ = {
			isa = PBXResourcesBuildPhase;
			buildActionMask = 2147483647;
			files = (
				E4D09A502AB0F25C008D115A /* ProperDigit.plist in Resources */,
				E4A4D6782AAEF58A0062D12C /* InfoPlist.xcstrings in Resources */,
				E4A4D64F2AAEF1200062D12C /* Assets.xcassets in Resources */,
				E4A4D6672AAEF2170062D12C /* Localizable.xcstrings in Resources */,
			);
			runOnlyForDeploymentPostprocessing = 0;
		};
/* End PBXResourcesBuildPhase section */

/* Begin PBXShellScriptBuildPhase section */
		E43C845A2AAF08AF00D87A5F /* ShellScript */ = {
			isa = PBXShellScriptBuildPhase;
			alwaysOutOfDate = 1;
			buildActionMask = 2147483647;
			files = (
			);
			inputFileListPaths = (
			);
			inputPaths = (
			);
			outputFileListPaths = (
			);
			outputPaths = (
			);
			runOnlyForDeploymentPostprocessing = 0;
			shellPath = /bin/sh;
			shellScript = "export PATH=\"$PATH:/opt/homebrew/bin\"\nif which swiftlint > /dev/null; then\n  swiftlint\nelse\n  echo \"warning: SwiftLint not installed, download from https://github.com/realm/SwiftLint\"\nfi\n";
		};
/* End PBXShellScriptBuildPhase section */

/* Begin PBXSourcesBuildPhase section */
		E4A4D6432AAEF11F0062D12C /* Sources */ = {
			isa = PBXSourcesBuildPhase;
			buildActionMask = 2147483647;
			files = (
				E4D09A452AB0B404008D115A /* FBZipFileRow.swift in Sources */,
				E43C84972AB0104900D87A5F /* ListDetailRow.swift in Sources */,
				E43C84742AAF901900D87A5F /* NPQueueTip.swift in Sources */,
				E43C84952AB0100900D87A5F /* ListInputRow.swift in Sources */,
				E43C84692AAF396000D87A5F /* LicensesView.swift in Sources */,
				E4A4D6612AAEF1670062D12C /* FSFile.swift in Sources */,
				E4EE91EE2AB09E8E004AC3D2 /* TEAvailableTokensSection.swift in Sources */,
				E43C84622AAF391200D87A5F /* MoreView.swift in Sources */,
				E43C848F2AB00FB600D87A5F /* TEAvailableTokenRow.swift in Sources */,
				E4A4D6742AAEF3B30062D12C /* ViewPath.swift in Sources */,
				E4A4D67B2AAEFB750062D12C /* ActionButton.swift in Sources */,
				E43C845D2AAF38B600D87A5F /* MainTabView.swift in Sources */,
				E43C849D2AB0188B00D87A5F /* ProgressAlert.swift in Sources */,
				E4A4D6632AAEF16D0062D12C /* FSDirectory.swift in Sources */,
				E4A4D64D2AAEF11F0062D12C /* FileBrowserView.swift in Sources */,
				E43C845F2AAF38D800D87A5F /* TabType.swift in Sources */,
				E447AABC2B772312009A3D3E /* RepeatMode.swift in Sources */,
				E43C846B2AAF39C700D87A5F /* License.swift in Sources */,
				E4DB2A572AB351CB00C5810D /* FBPdfFileRow.swift in Sources */,
				E43C84912AB00FD100D87A5F /* TETokensTip.swift in Sources */,
				E43C84722AAF708500D87A5F /* MusicProgressSlider.swift in Sources */,
				E4D09A412AB0B2E9008D115A /* FBDirectoryRow.swift in Sources */,
				E4DB2A5C2AB353E900C5810D /* FBTextFileRow.swift in Sources */,
				E4D09A492AB0BABA008D115A /* FBImageFileRow.swift in Sources */,
				E4DB2A5A2AB3533000C5810D /* TextViewerView.swift in Sources */,
				E4D09A4D2AB0CC4E008D115A /* NPQueueSection.swift in Sources */,
				E43C847F2AB00EF300D87A5F /* TagEditorView.swift in Sources */,
				E43C848B2AB00F8D00D87A5F /* TETagDataSection.swift in Sources */,
				E4D09A3D2AB0B1D1008D115A /* FBTagSection.swift in Sources */,
				E4A4D64B2AAEF11F0062D12C /* App.swift in Sources */,
				E43C847C2AB009D600D87A5F /* FileType.swift in Sources */,
				E4DB2A522AB3445600C5810D /* ImageViewerView.swift in Sources */,
				E48AE7102B9D847900DAC2D2 /* PlaylistItem.swift in Sources */,
				E4D09A3F2AB0B229008D115A /* FBPlaybackSection.swift in Sources */,
				E43C84812AB00F0800D87A5F /* FocusedField.swift in Sources */,
				E4DB2A5E2AB3F34500C5810D /* ID3Tag.swift in Sources */,
				E4A4D66A2AAEF2BD0062D12C /* HintOverlay.swift in Sources */,
				E4D09A4B2AB0CBA1008D115A /* NPControllerSection.swift in Sources */,
				E4130F572ABFEF5200AEF308 /* URL.swift in Sources */,
				E43C84852AB00F4100D87A5F /* TagTyped.swift in Sources */,
				E4A4D6762AAEF4040062D12C /* ListFolderRow.swift in Sources */,
				E4EE91EC2AB09A92004AC3D2 /* Bundle.swift in Sources */,
				E447AAC02B773BF8009A3D3E /* DocumentPicker.swift in Sources */,
				E4A4D67F2AAF05F70062D12C /* NowPlayingBar.swift in Sources */,
				E43C84672AAF393600D87A5F /* ListSectionHeader.swift in Sources */,
				E43C84832AB00F1A00D87A5F /* Tag.swift in Sources */,
				E4A4D6652AAEF1F80062D12C /* FilesystemManager.swift in Sources */,
				E4A4D67D2AAEFD9D0062D12C /* MediaPlayerManager.swift in Sources */,
				E4DB2A602AB3FF5400C5810D /* ZoomableImageView.swift in Sources */,
				E4D09A472AB0B576008D115A /* FBState.swift in Sources */,
				E4DB2A652AB4029100C5810D /* UIView.swift in Sources */,
				E4A4D65F2AAEF15B0062D12C /* FilesystemObject.swift in Sources */,
				E43C84702AAF3EE100D87A5F /* NowPlayingView.swift in Sources */,
				E4D09A4F2AB0CFE7008D115A /* SettingsManager.swift in Sources */,
				E43C84872AB00F5000D87A5F /* SaveState.swift in Sources */,
				E43C84642AAF392C00D87A5F /* ListRow.swift in Sources */,
				E4D09A432AB0B34C008D115A /* FBAudioFileRow.swift in Sources */,
				E43C84992AB0179200D87A5F /* FBContextMenu.swift in Sources */,
				E4A4D66F2AAEF36D0062D12C /* ListFileRow.swift in Sources */,
				E4A4D66C2AAEF2E30062D12C /* FBNoFilesTip.swift in Sources */,
				E48AE7132B9D8B8800DAC2D2 /* PlaylistsView.swift in Sources */,
				E48AE70E2B9D845800DAC2D2 /* Playlist.swift in Sources */,
				E43C846D2AAF39EA00D87A5F /* TabManager.swift in Sources */,
				E43C84932AB00FF200D87A5F /* LargeButtonLabel.swift in Sources */,
				E4DB2A552AB350F500C5810D /* PDFViewerView.swift in Sources */,
				E4A4D6712AAEF39B0062D12C /* NavigationManager.swift in Sources */,
			);
			runOnlyForDeploymentPostprocessing = 0;
		};
/* End PBXSourcesBuildPhase section */

/* Begin XCBuildConfiguration section */
		E4A4D6542AAEF1200062D12C /* Debug */ = {
			isa = XCBuildConfiguration;
			buildSettings = {
				ALWAYS_SEARCH_USER_PATHS = NO;
				ASSETCATALOG_COMPILER_GENERATE_SWIFT_ASSET_SYMBOL_EXTENSIONS = YES;
				CLANG_ANALYZER_LOCALIZABILITY_NONLOCALIZED = YES;
				CLANG_ANALYZER_NONNULL = YES;
				CLANG_ANALYZER_NUMBER_OBJECT_CONVERSION = YES_AGGRESSIVE;
				CLANG_CXX_LANGUAGE_STANDARD = "gnu++20";
				CLANG_ENABLE_MODULES = YES;
				CLANG_ENABLE_OBJC_ARC = YES;
				CLANG_ENABLE_OBJC_WEAK = YES;
				CLANG_WARN_BLOCK_CAPTURE_AUTORELEASING = YES;
				CLANG_WARN_BOOL_CONVERSION = YES;
				CLANG_WARN_COMMA = YES;
				CLANG_WARN_CONSTANT_CONVERSION = YES;
				CLANG_WARN_DEPRECATED_OBJC_IMPLEMENTATIONS = YES;
				CLANG_WARN_DIRECT_OBJC_ISA_USAGE = YES_ERROR;
				CLANG_WARN_DOCUMENTATION_COMMENTS = YES;
				CLANG_WARN_EMPTY_BODY = YES;
				CLANG_WARN_ENUM_CONVERSION = YES;
				CLANG_WARN_INFINITE_RECURSION = YES;
				CLANG_WARN_INT_CONVERSION = YES;
				CLANG_WARN_NON_LITERAL_NULL_CONVERSION = YES;
				CLANG_WARN_OBJC_IMPLICIT_RETAIN_SELF = YES;
				CLANG_WARN_OBJC_LITERAL_CONVERSION = YES;
				CLANG_WARN_OBJC_ROOT_CLASS = YES_ERROR;
				CLANG_WARN_QUOTED_INCLUDE_IN_FRAMEWORK_HEADER = YES;
				CLANG_WARN_RANGE_LOOP_ANALYSIS = YES;
				CLANG_WARN_STRICT_PROTOTYPES = YES;
				CLANG_WARN_SUSPICIOUS_MOVE = YES;
				CLANG_WARN_UNGUARDED_AVAILABILITY = YES_AGGRESSIVE;
				CLANG_WARN_UNREACHABLE_CODE = YES;
				CLANG_WARN__DUPLICATE_METHOD_MATCH = YES;
				COPY_PHASE_STRIP = NO;
				DEAD_CODE_STRIPPING = YES;
				DEBUG_INFORMATION_FORMAT = dwarf;
				ENABLE_STRICT_OBJC_MSGSEND = YES;
				ENABLE_TESTABILITY = YES;
				ENABLE_USER_SCRIPT_SANDBOXING = YES;
				GCC_C_LANGUAGE_STANDARD = gnu17;
				GCC_DYNAMIC_NO_PIC = NO;
				GCC_NO_COMMON_BLOCKS = YES;
				GCC_OPTIMIZATION_LEVEL = 0;
				GCC_PREPROCESSOR_DEFINITIONS = (
					"DEBUG=1",
					"$(inherited)",
				);
				GCC_WARN_64_TO_32_BIT_CONVERSION = YES;
				GCC_WARN_ABOUT_RETURN_TYPE = YES_ERROR;
				GCC_WARN_UNDECLARED_SELECTOR = YES;
				GCC_WARN_UNINITIALIZED_AUTOS = YES_AGGRESSIVE;
				GCC_WARN_UNUSED_FUNCTION = YES;
				GCC_WARN_UNUSED_VARIABLE = YES;
				LOCALIZATION_PREFERS_STRING_CATALOGS = YES;
				MTL_ENABLE_DEBUG_INFO = INCLUDE_SOURCE;
				MTL_FAST_MATH = YES;
				ONLY_ACTIVE_ARCH = YES;
				SWIFT_ACTIVE_COMPILATION_CONDITIONS = "DEBUG $(inherited)";
				SWIFT_OPTIMIZATION_LEVEL = "-Onone";
			};
			name = Debug;
		};
		E4A4D6552AAEF1200062D12C /* Release */ = {
			isa = XCBuildConfiguration;
			buildSettings = {
				ALWAYS_SEARCH_USER_PATHS = NO;
				ASSETCATALOG_COMPILER_GENERATE_SWIFT_ASSET_SYMBOL_EXTENSIONS = YES;
				CLANG_ANALYZER_LOCALIZABILITY_NONLOCALIZED = YES;
				CLANG_ANALYZER_NONNULL = YES;
				CLANG_ANALYZER_NUMBER_OBJECT_CONVERSION = YES_AGGRESSIVE;
				CLANG_CXX_LANGUAGE_STANDARD = "gnu++20";
				CLANG_ENABLE_MODULES = YES;
				CLANG_ENABLE_OBJC_ARC = YES;
				CLANG_ENABLE_OBJC_WEAK = YES;
				CLANG_WARN_BLOCK_CAPTURE_AUTORELEASING = YES;
				CLANG_WARN_BOOL_CONVERSION = YES;
				CLANG_WARN_COMMA = YES;
				CLANG_WARN_CONSTANT_CONVERSION = YES;
				CLANG_WARN_DEPRECATED_OBJC_IMPLEMENTATIONS = YES;
				CLANG_WARN_DIRECT_OBJC_ISA_USAGE = YES_ERROR;
				CLANG_WARN_DOCUMENTATION_COMMENTS = YES;
				CLANG_WARN_EMPTY_BODY = YES;
				CLANG_WARN_ENUM_CONVERSION = YES;
				CLANG_WARN_INFINITE_RECURSION = YES;
				CLANG_WARN_INT_CONVERSION = YES;
				CLANG_WARN_NON_LITERAL_NULL_CONVERSION = YES;
				CLANG_WARN_OBJC_IMPLICIT_RETAIN_SELF = YES;
				CLANG_WARN_OBJC_LITERAL_CONVERSION = YES;
				CLANG_WARN_OBJC_ROOT_CLASS = YES_ERROR;
				CLANG_WARN_QUOTED_INCLUDE_IN_FRAMEWORK_HEADER = YES;
				CLANG_WARN_RANGE_LOOP_ANALYSIS = YES;
				CLANG_WARN_STRICT_PROTOTYPES = YES;
				CLANG_WARN_SUSPICIOUS_MOVE = YES;
				CLANG_WARN_UNGUARDED_AVAILABILITY = YES_AGGRESSIVE;
				CLANG_WARN_UNREACHABLE_CODE = YES;
				CLANG_WARN__DUPLICATE_METHOD_MATCH = YES;
				COPY_PHASE_STRIP = NO;
				DEAD_CODE_STRIPPING = YES;
				DEBUG_INFORMATION_FORMAT = "dwarf-with-dsym";
				ENABLE_NS_ASSERTIONS = NO;
				ENABLE_STRICT_OBJC_MSGSEND = YES;
				ENABLE_USER_SCRIPT_SANDBOXING = YES;
				GCC_C_LANGUAGE_STANDARD = gnu17;
				GCC_NO_COMMON_BLOCKS = YES;
				GCC_WARN_64_TO_32_BIT_CONVERSION = YES;
				GCC_WARN_ABOUT_RETURN_TYPE = YES_ERROR;
				GCC_WARN_UNDECLARED_SELECTOR = YES;
				GCC_WARN_UNINITIALIZED_AUTOS = YES_AGGRESSIVE;
				GCC_WARN_UNUSED_FUNCTION = YES;
				GCC_WARN_UNUSED_VARIABLE = YES;
				LOCALIZATION_PREFERS_STRING_CATALOGS = YES;
				MTL_ENABLE_DEBUG_INFO = NO;
				MTL_FAST_MATH = YES;
				SWIFT_COMPILATION_MODE = wholemodule;
			};
			name = Release;
		};
		E4A4D6572AAEF1200062D12C /* Debug */ = {
			isa = XCBuildConfiguration;
			buildSettings = {
				ASSETCATALOG_COMPILER_APPICON_NAME = AppIcon;
				ASSETCATALOG_COMPILER_GLOBAL_ACCENT_COLOR_NAME = AccentColor;
				CODE_SIGN_ENTITLEMENTS = Melodee/Melodee.entitlements;
				CODE_SIGN_STYLE = Automatic;
				CURRENT_PROJECT_VERSION = 1;
				DEAD_CODE_STRIPPING = YES;
				DEVELOPMENT_TEAM = YYM4Z6MU8F;
				ENABLE_HARDENED_RUNTIME = YES;
				ENABLE_PREVIEWS = YES;
				ENABLE_USER_SCRIPT_SANDBOXING = NO;
				GENERATE_INFOPLIST_FILE = YES;
				INFOPLIST_FILE = Melodee/Info.plist;
				INFOPLIST_KEY_LSSupportsOpeningDocumentsInPlace = YES;
				INFOPLIST_KEY_NSPhotoLibraryAddUsageDescription = "Melodee can save photos in the Files tab to the Photos app.";
				"INFOPLIST_KEY_UIApplicationSceneManifest_Generation[sdk=iphoneos*]" = YES;
				"INFOPLIST_KEY_UIApplicationSceneManifest_Generation[sdk=iphonesimulator*]" = YES;
				"INFOPLIST_KEY_UIApplicationSupportsIndirectInputEvents[sdk=iphoneos*]" = YES;
				"INFOPLIST_KEY_UIApplicationSupportsIndirectInputEvents[sdk=iphonesimulator*]" = YES;
				"INFOPLIST_KEY_UILaunchScreen_Generation[sdk=iphoneos*]" = YES;
				"INFOPLIST_KEY_UILaunchScreen_Generation[sdk=iphonesimulator*]" = YES;
				INFOPLIST_KEY_UIRequiredDeviceCapabilities = "armv7 iphone-ipad-minimum-performance-a12";
				INFOPLIST_KEY_UIRequiresFullScreen = YES;
				"INFOPLIST_KEY_UIStatusBarStyle[sdk=iphoneos*]" = UIStatusBarStyleDefault;
				"INFOPLIST_KEY_UIStatusBarStyle[sdk=iphonesimulator*]" = UIStatusBarStyleDefault;
				INFOPLIST_KEY_UISupportedInterfaceOrientations = UIInterfaceOrientationPortrait;
				INFOPLIST_KEY_UISupportedInterfaceOrientations_iPad = "UIInterfaceOrientationPortrait UIInterfaceOrientationPortraitUpsideDown";
				IPHONEOS_DEPLOYMENT_TARGET = 17.0;
				LD_RUNPATH_SEARCH_PATHS = "@executable_path/Frameworks";
				"LD_RUNPATH_SEARCH_PATHS[sdk=macosx*]" = "@executable_path/../Frameworks";
				MACOSX_DEPLOYMENT_TARGET = 14.0;
				MARKETING_VERSION = 1.6;
				PRODUCT_BUNDLE_IDENTIFIER = com.tsubuzaki.Melodee;
				PRODUCT_NAME = "$(TARGET_NAME)";
				SDKROOT = auto;
				SUPPORTED_PLATFORMS = "iphoneos iphonesimulator";
				SUPPORTS_MACCATALYST = NO;
				SWIFT_EMIT_LOC_STRINGS = YES;
				SWIFT_VERSION = 5.0;
				TARGETED_DEVICE_FAMILY = "1,2";
			};
			name = Debug;
		};
		E4A4D6582AAEF1200062D12C /* Release */ = {
			isa = XCBuildConfiguration;
			buildSettings = {
				ASSETCATALOG_COMPILER_APPICON_NAME = AppIcon;
				ASSETCATALOG_COMPILER_GLOBAL_ACCENT_COLOR_NAME = AccentColor;
				CODE_SIGN_ENTITLEMENTS = Melodee/Melodee.entitlements;
				CODE_SIGN_STYLE = Automatic;
				CURRENT_PROJECT_VERSION = 1;
				DEAD_CODE_STRIPPING = YES;
				DEVELOPMENT_TEAM = YYM4Z6MU8F;
				ENABLE_HARDENED_RUNTIME = YES;
				ENABLE_PREVIEWS = YES;
				ENABLE_USER_SCRIPT_SANDBOXING = NO;
				GENERATE_INFOPLIST_FILE = YES;
				INFOPLIST_FILE = Melodee/Info.plist;
				INFOPLIST_KEY_LSSupportsOpeningDocumentsInPlace = YES;
				INFOPLIST_KEY_NSPhotoLibraryAddUsageDescription = "Melodee can save photos in the Files tab to the Photos app.";
				"INFOPLIST_KEY_UIApplicationSceneManifest_Generation[sdk=iphoneos*]" = YES;
				"INFOPLIST_KEY_UIApplicationSceneManifest_Generation[sdk=iphonesimulator*]" = YES;
				"INFOPLIST_KEY_UIApplicationSupportsIndirectInputEvents[sdk=iphoneos*]" = YES;
				"INFOPLIST_KEY_UIApplicationSupportsIndirectInputEvents[sdk=iphonesimulator*]" = YES;
				"INFOPLIST_KEY_UILaunchScreen_Generation[sdk=iphoneos*]" = YES;
				"INFOPLIST_KEY_UILaunchScreen_Generation[sdk=iphonesimulator*]" = YES;
				INFOPLIST_KEY_UIRequiredDeviceCapabilities = "armv7 iphone-ipad-minimum-performance-a12";
				INFOPLIST_KEY_UIRequiresFullScreen = YES;
				"INFOPLIST_KEY_UIStatusBarStyle[sdk=iphoneos*]" = UIStatusBarStyleDefault;
				"INFOPLIST_KEY_UIStatusBarStyle[sdk=iphonesimulator*]" = UIStatusBarStyleDefault;
				INFOPLIST_KEY_UISupportedInterfaceOrientations = UIInterfaceOrientationPortrait;
				INFOPLIST_KEY_UISupportedInterfaceOrientations_iPad = "UIInterfaceOrientationPortrait UIInterfaceOrientationPortraitUpsideDown";
				IPHONEOS_DEPLOYMENT_TARGET = 17.0;
				LD_RUNPATH_SEARCH_PATHS = "@executable_path/Frameworks";
				"LD_RUNPATH_SEARCH_PATHS[sdk=macosx*]" = "@executable_path/../Frameworks";
				MACOSX_DEPLOYMENT_TARGET = 14.0;
				MARKETING_VERSION = 1.6;
				PRODUCT_BUNDLE_IDENTIFIER = com.tsubuzaki.Melodee;
				PRODUCT_NAME = "$(TARGET_NAME)";
				SDKROOT = auto;
				SUPPORTED_PLATFORMS = "iphoneos iphonesimulator";
				SUPPORTS_MACCATALYST = NO;
				SWIFT_EMIT_LOC_STRINGS = YES;
				SWIFT_VERSION = 5.0;
				TARGETED_DEVICE_FAMILY = "1,2";
			};
			name = Release;
		};
/* End XCBuildConfiguration section */

/* Begin XCConfigurationList section */
		E4A4D6422AAEF11F0062D12C /* Build configuration list for PBXProject "Melodee" */ = {
			isa = XCConfigurationList;
			buildConfigurations = (
				E4A4D6542AAEF1200062D12C /* Debug */,
				E4A4D6552AAEF1200062D12C /* Release */,
			);
			defaultConfigurationIsVisible = 0;
			defaultConfigurationName = Release;
		};
		E4A4D6562AAEF1200062D12C /* Build configuration list for PBXNativeTarget "Melodee" */ = {
			isa = XCConfigurationList;
			buildConfigurations = (
				E4A4D6572AAEF1200062D12C /* Debug */,
				E4A4D6582AAEF1200062D12C /* Release */,
			);
			defaultConfigurationIsVisible = 0;
			defaultConfigurationName = Release;
		};
/* End XCConfigurationList section */

/* Begin XCRemoteSwiftPackageReference section */
		E43C84572AAF087300D87A5F /* XCRemoteSwiftPackageReference "MarqueeText" */ = {
			isa = XCRemoteSwiftPackageReference;
			repositoryURL = "https://github.com/joekndy/MarqueeText";
			requirement = {
				branch = master;
				kind = branch;
			};
		};
		E43C84752AB0099F00D87A5F /* XCRemoteSwiftPackageReference "ID3TagEditor" */ = {
			isa = XCRemoteSwiftPackageReference;
			repositoryURL = "https://github.com/chicio/ID3TagEditor";
			requirement = {
				kind = upToNextMinorVersion;
				minimumVersion = 4.6.0;
			};
		};
		E43C84782AB009B300D87A5F /* XCRemoteSwiftPackageReference "ZIPFoundation" */ = {
			isa = XCRemoteSwiftPackageReference;
			repositoryURL = "https://github.com/weichsel/ZIPFoundation";
			requirement = {
				kind = upToNextMinorVersion;
				minimumVersion = 0.9.16;
			};
		};
		E447AAB82B771CC7009A3D3E /* XCRemoteSwiftPackageReference "Komponents" */ = {
			isa = XCRemoteSwiftPackageReference;
			repositoryURL = "https://github.com/katagaki/Komponents";
			requirement = {
				branch = main;
				kind = branch;
			};
		};
		E4DB2A612AB3FFA800C5810D /* XCRemoteSwiftPackageReference "Zoomy" */ = {
			isa = XCRemoteSwiftPackageReference;
			repositoryURL = "https://github.com/lvnkmn/Zoomy";
			requirement = {
				kind = upToNextMinorVersion;
				minimumVersion = 4.2.0;
			};
		};
		E4DB2A662AB4032900C5810D /* XCRemoteSwiftPackageReference "VariableBlurView" */ = {
			isa = XCRemoteSwiftPackageReference;
			repositoryURL = "https://github.com/aheze/VariableBlurView";
			requirement = {
				kind = upToNextMinorVersion;
				minimumVersion = 1.0.2;
			};
		};
/* End XCRemoteSwiftPackageReference section */

/* Begin XCSwiftPackageProductDependency section */
		E43C84582AAF087300D87A5F /* MarqueeText */ = {
			isa = XCSwiftPackageProductDependency;
			package = E43C84572AAF087300D87A5F /* XCRemoteSwiftPackageReference "MarqueeText" */;
			productName = MarqueeText;
		};
		E43C84762AB0099F00D87A5F /* ID3TagEditor */ = {
			isa = XCSwiftPackageProductDependency;
			package = E43C84752AB0099F00D87A5F /* XCRemoteSwiftPackageReference "ID3TagEditor" */;
			productName = ID3TagEditor;
		};
		E43C84792AB009B300D87A5F /* ZIPFoundation */ = {
			isa = XCSwiftPackageProductDependency;
			package = E43C84782AB009B300D87A5F /* XCRemoteSwiftPackageReference "ZIPFoundation" */;
			productName = ZIPFoundation;
		};
		E447AAB92B771CC7009A3D3E /* Komponents */ = {
			isa = XCSwiftPackageProductDependency;
			package = E447AAB82B771CC7009A3D3E /* XCRemoteSwiftPackageReference "Komponents" */;
			productName = Komponents;
		};
		E4DB2A622AB3FFA800C5810D /* Zoomy */ = {
			isa = XCSwiftPackageProductDependency;
			package = E4DB2A612AB3FFA800C5810D /* XCRemoteSwiftPackageReference "Zoomy" */;
			productName = Zoomy;
		};
		E4DB2A672AB4032900C5810D /* VariableBlurView */ = {
			isa = XCSwiftPackageProductDependency;
			package = E4DB2A662AB4032900C5810D /* XCRemoteSwiftPackageReference "VariableBlurView" */;
			productName = VariableBlurView;
		};
/* End XCSwiftPackageProductDependency section */
	};
	rootObject = E4A4D63F2AAEF11F0062D12C /* Project object */;
}
